// !$*UTF8*$!
{
	archiveVersion = 1;
	classes = {
	};
	objectVersion = 77;
	objects = {

/* Begin PBXBuildFile section */
		D917BFB62E04AEB900F44272 /* GoogleSignIn in Frameworks */ = {isa = PBXBuildFile; productRef = D917BFB52E04AEB900F44272 /* GoogleSignIn */; };
		D917BFB82E04AEB900F44272 /* GoogleSignInSwift in Frameworks */ = {isa = PBXBuildFile; productRef = D917BFB72E04AEB900F44272 /* GoogleSignInSwift */; };
		D9723BDA2DFD302F0075DBC1 /* LoginView.swift in Sources */ = {isa = PBXBuildFile; fileRef = D9723BD92DFD302C0075DBC1 /* LoginView.swift */; };
		D9723BDC2DFD31120075DBC1 /* WelcomeView.swift in Sources */ = {isa = PBXBuildFile; fileRef = D9723BDB2DFD31090075DBC1 /* WelcomeView.swift */; };
		D9723BE02DFD32130075DBC1 /* UserSessionManager.swift in Sources */ = {isa = PBXBuildFile; fileRef = D9723BDF2DFD32080075DBC1 /* UserSessionManager.swift */; };
		D9723BE22DFD35820075DBC1 /* Styles.swift in Sources */ = {isa = PBXBuildFile; fileRef = D9723BE12DFD357B0075DBC1 /* Styles.swift */; };
		D9723BF62DFDB2BA0075DBC1 /* FirebaseAnalytics in Frameworks */ = {isa = PBXBuildFile; productRef = D9723BF52DFDB2BA0075DBC1 /* FirebaseAnalytics */; };
		D9723BF82DFDB2BA0075DBC1 /* FirebaseAppCheck in Frameworks */ = {isa = PBXBuildFile; productRef = D9723BF72DFDB2BA0075DBC1 /* FirebaseAppCheck */; };
		D9723BFA2DFDB2BA0075DBC1 /* FirebaseAuth in Frameworks */ = {isa = PBXBuildFile; productRef = D9723BF92DFDB2BA0075DBC1 /* FirebaseAuth */; };
		D9723BFC2DFDB2BA0075DBC1 /* FirebaseCore in Frameworks */ = {isa = PBXBuildFile; productRef = D9723BFB2DFDB2BA0075DBC1 /* FirebaseCore */; };
		D9723C0D2DFE229D0075DBC1 /* SplashVideoView.swift in Sources */ = {isa = PBXBuildFile; fileRef = D9723C0C2DFE22890075DBC1 /* SplashVideoView.swift */; };
		D9723C0F2DFE22D50075DBC1 /* VideoPlayerView.swift in Sources */ = {isa = PBXBuildFile; fileRef = D9723C0E2DFE22CA0075DBC1 /* VideoPlayerView.swift */; };
		D9723C112DFE24860075DBC1 /* SplashCoordinatorView.swift in Sources */ = {isa = PBXBuildFile; fileRef = D9723C102DFE245E0075DBC1 /* SplashCoordinatorView.swift */; };
		D9723C242DFE69760075DBC1 /* TermsModalView.swift in Sources */ = {isa = PBXBuildFile; fileRef = D9723C232DFE69610075DBC1 /* TermsModalView.swift */; };
		D9723C262DFE699F0075DBC1 /* PrivacyModalView.swift in Sources */ = {isa = PBXBuildFile; fileRef = D9723C252DFE698D0075DBC1 /* PrivacyModalView.swift */; };
		D9723C282DFE69F80075DBC1 /* ImagePicker.swift in Sources */ = {isa = PBXBuildFile; fileRef = D9723C272DFE69ED0075DBC1 /* ImagePicker.swift */; };
		D9723C2A2DFE730B0075DBC1 /* SignupCoordinator.swift in Sources */ = {isa = PBXBuildFile; fileRef = D9723C292DFE730B0075DBC1 /* SignupCoordinator.swift */; };
		D9723C2B2DFE730B0075DBC1 /* SignupCoordinator.swift in Sources */ = {isa = PBXBuildFile; fileRef = D9723C292DFE730B0075DBC1 /* SignupCoordinator.swift */; };
		D9723C2C2DFE730B0075DBC1 /* SignupCoordinator.swift in Sources */ = {isa = PBXBuildFile; fileRef = D9723C292DFE730B0075DBC1 /* SignupCoordinator.swift */; };
		D9723C2E2DFE73180075DBC1 /* PhoneVerificationView.swift in Sources */ = {isa = PBXBuildFile; fileRef = D9723C2D2DFE73180075DBC1 /* PhoneVerificationView.swift */; };
		D9723C2F2DFE73180075DBC1 /* PhoneVerificationView.swift in Sources */ = {isa = PBXBuildFile; fileRef = D9723C2D2DFE73180075DBC1 /* PhoneVerificationView.swift */; };
		D9723C302DFE73180075DBC1 /* PhoneVerificationView.swift in Sources */ = {isa = PBXBuildFile; fileRef = D9723C2D2DFE73180075DBC1 /* PhoneVerificationView.swift */; };
		D9723C322DFE73280075DBC1 /* NameEntryView.swift in Sources */ = {isa = PBXBuildFile; fileRef = D9723C312DFE73280075DBC1 /* NameEntryView.swift */; };
		D9723C332DFE73280075DBC1 /* NameEntryView.swift in Sources */ = {isa = PBXBuildFile; fileRef = D9723C312DFE73280075DBC1 /* NameEntryView.swift */; };
		D9723C342DFE73280075DBC1 /* NameEntryView.swift in Sources */ = {isa = PBXBuildFile; fileRef = D9723C312DFE73280075DBC1 /* NameEntryView.swift */; };
		D9723C362DFE73340075DBC1 /* EmailAndPasswordView.swift in Sources */ = {isa = PBXBuildFile; fileRef = D9723C352DFE73340075DBC1 /* EmailAndPasswordView.swift */; };
		D9723C372DFE73340075DBC1 /* EmailAndPasswordView.swift in Sources */ = {isa = PBXBuildFile; fileRef = D9723C352DFE73340075DBC1 /* EmailAndPasswordView.swift */; };
		D9723C382DFE73340075DBC1 /* EmailAndPasswordView.swift in Sources */ = {isa = PBXBuildFile; fileRef = D9723C352DFE73340075DBC1 /* EmailAndPasswordView.swift */; };
		D9723C3A2DFE733F0075DBC1 /* AddressInfoView.swift in Sources */ = {isa = PBXBuildFile; fileRef = D9723C392DFE733F0075DBC1 /* AddressInfoView.swift */; };
		D9723C3B2DFE733F0075DBC1 /* AddressInfoView.swift in Sources */ = {isa = PBXBuildFile; fileRef = D9723C392DFE733F0075DBC1 /* AddressInfoView.swift */; };
		D9723C3C2DFE733F0075DBC1 /* AddressInfoView.swift in Sources */ = {isa = PBXBuildFile; fileRef = D9723C392DFE733F0075DBC1 /* AddressInfoView.swift */; };
		D9723C3E2DFE734B0075DBC1 /* TermsAndVerificationView.swift in Sources */ = {isa = PBXBuildFile; fileRef = D9723C3D2DFE734B0075DBC1 /* TermsAndVerificationView.swift */; };
		D9723C3F2DFE734B0075DBC1 /* TermsAndVerificationView.swift in Sources */ = {isa = PBXBuildFile; fileRef = D9723C3D2DFE734B0075DBC1 /* TermsAndVerificationView.swift */; };
		D9723C402DFE734B0075DBC1 /* TermsAndVerificationView.swift in Sources */ = {isa = PBXBuildFile; fileRef = D9723C3D2DFE734B0075DBC1 /* TermsAndVerificationView.swift */; };
		D97904E32DFF43B700A42B1F /* GradientColor.swift in Sources */ = {isa = PBXBuildFile; fileRef = D97904DE2DFF43B700A42B1F /* GradientColor.swift */; };
		D97904E42DFF43B700A42B1F /* RydrPlaygroundApp.swift in Sources */ = {isa = PBXBuildFile; fileRef = D97904E02DFF43B700A42B1F /* RydrPlaygroundApp.swift */; };
		D97904E52DFF43B700A42B1F /* UploadBox.swift in Sources */ = {isa = PBXBuildFile; fileRef = D97904E12DFF43B700A42B1F /* UploadBox.swift */; };
		D97904E62DFF43B700A42B1F /* View+Extension.swift in Sources */ = {isa = PBXBuildFile; fileRef = D97904E22DFF43B700A42B1F /* View+Extension.swift */; };
		D97904E92DFF43B700A42B1F /* View+Extension.swift in Sources */ = {isa = PBXBuildFile; fileRef = D97904E22DFF43B700A42B1F /* View+Extension.swift */; };
		D97904EA2DFF43B700A42B1F /* View+Extension.swift in Sources */ = {isa = PBXBuildFile; fileRef = D97904E22DFF43B700A42B1F /* View+Extension.swift */; };
		D97904F82DFF4B6700A42B1F /* FirebaseFirestore in Frameworks */ = {isa = PBXBuildFile; productRef = D97904F72DFF4B6700A42B1F /* FirebaseFirestore */; };
		D97904FA2DFF8E5300A42B1F /* AppDelegate.swift in Sources */ = {isa = PBXBuildFile; fileRef = D97904F92DFF8E3F00A42B1F /* AppDelegate.swift */; };
		D97904FC2DFF9A3200A42B1F /* VerificationCodeView.swift in Sources */ = {isa = PBXBuildFile; fileRef = D97904FB2DFF9A1C00A42B1F /* VerificationCodeView.swift */; };
		D9935A292E07220400056DB7 /* RideInProgressView.swift in Sources */ = {isa = PBXBuildFile; fileRef = D9935A282E0721F900056DB7 /* RideInProgressView.swift */; };
		D9935A2C2E077A9800056DB7 /* Stripe in Frameworks */ = {isa = PBXBuildFile; productRef = D9935A2B2E077A9800056DB7 /* Stripe */; };
		D9935A2E2E077A9800056DB7 /* StripeApplePay in Frameworks */ = {isa = PBXBuildFile; productRef = D9935A2D2E077A9800056DB7 /* StripeApplePay */; };
		D9935A302E077A9800056DB7 /* StripeConnect in Frameworks */ = {isa = PBXBuildFile; productRef = D9935A2F2E077A9800056DB7 /* StripeConnect */; };
		D9935A322E077A9800056DB7 /* StripePaymentSheet in Frameworks */ = {isa = PBXBuildFile; productRef = D9935A312E077A9800056DB7 /* StripePaymentSheet */; };
		D9935A342E077A9800056DB7 /* StripePayments in Frameworks */ = {isa = PBXBuildFile; productRef = D9935A332E077A9800056DB7 /* StripePayments */; };
		D9935A362E077A9800056DB7 /* StripePaymentsUI in Frameworks */ = {isa = PBXBuildFile; productRef = D9935A352E077A9800056DB7 /* StripePaymentsUI */; };
		D9935A3A2E077E7B00056DB7 /* PaymentMethodView.swift in Sources */ = {isa = PBXBuildFile; fileRef = D9935A392E077E6F00056DB7 /* PaymentMethodView.swift */; };
		D9935A3C2E077F1300056DB7 /* PaymentScreenView.swift in Sources */ = {isa = PBXBuildFile; fileRef = D9935A3B2E077F0B00056DB7 /* PaymentScreenView.swift */; };
		D9A571EA2DF9C6A900C04006 /* BookingView.swift in Sources */ = {isa = PBXBuildFile; fileRef = D9A571E92DF9C6A900C04006 /* BookingView.swift */; };
		D9A572102DF9E69A00C04006 /* RideTypeSelectionView.swift in Sources */ = {isa = PBXBuildFile; fileRef = D9A5720F2DF9E67E00C04006 /* RideTypeSelectionView.swift */; };
		D9A572122DFA5DB800C04006 /* ProfileView.swift in Sources */ = {isa = PBXBuildFile; fileRef = D9A572112DFA5DB300C04006 /* ProfileView.swift */; };
		D9A572142DFA5E7E00C04006 /* MainTabView.swift in Sources */ = {isa = PBXBuildFile; fileRef = D9A572132DFA5E6F00C04006 /* MainTabView.swift */; };
		D9A6ECC02E06EA0A0088C442 /* DriverCardView.swift in Sources */ = {isa = PBXBuildFile; fileRef = D9A6ECBF2E06EA000088C442 /* DriverCardView.swift */; };
		D9A6ECC22E06EA400088C442 /* DriverSelectionView.swift in Sources */ = {isa = PBXBuildFile; fileRef = D9A6ECC12E06EA1F0088C442 /* DriverSelectionView.swift */; };
/* End PBXBuildFile section */

/* Begin PBXContainerItemProxy section */
		D9A571F32DF9C6AB00C04006 /* PBXContainerItemProxy */ = {
			isa = PBXContainerItemProxy;
			containerPortal = D9A571DC2DF9C6A900C04006 /* Project object */;
			proxyType = 1;
			remoteGlobalIDString = D9A571E32DF9C6A900C04006;
			remoteInfo = RydrPlayground;
		};
		D9A571FD2DF9C6AB00C04006 /* PBXContainerItemProxy */ = {
			isa = PBXContainerItemProxy;
			containerPortal = D9A571DC2DF9C6A900C04006 /* Project object */;
			proxyType = 1;
			remoteGlobalIDString = D9A571E32DF9C6A900C04006;
			remoteInfo = RydrPlayground;
		};
/* End PBXContainerItemProxy section */

/* Begin PBXFileReference section */
		D9723BD92DFD302C0075DBC1 /* LoginView.swift */ = {isa = PBXFileReference; lastKnownFileType = sourcecode.swift; path = LoginView.swift; sourceTree = "<group>"; };
		D9723BDB2DFD31090075DBC1 /* WelcomeView.swift */ = {isa = PBXFileReference; lastKnownFileType = sourcecode.swift; path = WelcomeView.swift; sourceTree = "<group>"; };
		D9723BDF2DFD32080075DBC1 /* UserSessionManager.swift */ = {isa = PBXFileReference; lastKnownFileType = sourcecode.swift; path = UserSessionManager.swift; sourceTree = "<group>"; };
		D9723BE12DFD357B0075DBC1 /* Styles.swift */ = {isa = PBXFileReference; lastKnownFileType = sourcecode.swift; path = Styles.swift; sourceTree = "<group>"; };
		D9723C0C2DFE22890075DBC1 /* SplashVideoView.swift */ = {isa = PBXFileReference; lastKnownFileType = sourcecode.swift; path = SplashVideoView.swift; sourceTree = "<group>"; };
		D9723C0E2DFE22CA0075DBC1 /* VideoPlayerView.swift */ = {isa = PBXFileReference; lastKnownFileType = sourcecode.swift; path = VideoPlayerView.swift; sourceTree = "<group>"; };
		D9723C102DFE245E0075DBC1 /* SplashCoordinatorView.swift */ = {isa = PBXFileReference; lastKnownFileType = sourcecode.swift; path = SplashCoordinatorView.swift; sourceTree = "<group>"; };
		D9723C232DFE69610075DBC1 /* TermsModalView.swift */ = {isa = PBXFileReference; lastKnownFileType = sourcecode.swift; path = TermsModalView.swift; sourceTree = "<group>"; };
		D9723C252DFE698D0075DBC1 /* PrivacyModalView.swift */ = {isa = PBXFileReference; lastKnownFileType = sourcecode.swift; path = PrivacyModalView.swift; sourceTree = "<group>"; };
		D9723C272DFE69ED0075DBC1 /* ImagePicker.swift */ = {isa = PBXFileReference; lastKnownFileType = sourcecode.swift; path = ImagePicker.swift; sourceTree = "<group>"; };
		D9723C292DFE730B0075DBC1 /* SignupCoordinator.swift */ = {isa = PBXFileReference; lastKnownFileType = sourcecode.swift; path = SignupCoordinator.swift; sourceTree = "<group>"; };
		D9723C2D2DFE73180075DBC1 /* PhoneVerificationView.swift */ = {isa = PBXFileReference; lastKnownFileType = sourcecode.swift; path = PhoneVerificationView.swift; sourceTree = "<group>"; };
		D9723C312DFE73280075DBC1 /* NameEntryView.swift */ = {isa = PBXFileReference; lastKnownFileType = sourcecode.swift; path = NameEntryView.swift; sourceTree = "<group>"; };
		D9723C352DFE73340075DBC1 /* EmailAndPasswordView.swift */ = {isa = PBXFileReference; lastKnownFileType = sourcecode.swift; path = EmailAndPasswordView.swift; sourceTree = "<group>"; };
		D9723C392DFE733F0075DBC1 /* AddressInfoView.swift */ = {isa = PBXFileReference; lastKnownFileType = sourcecode.swift; path = AddressInfoView.swift; sourceTree = "<group>"; };
		D9723C3D2DFE734B0075DBC1 /* TermsAndVerificationView.swift */ = {isa = PBXFileReference; lastKnownFileType = sourcecode.swift; path = TermsAndVerificationView.swift; sourceTree = "<group>"; };
		D97904DE2DFF43B700A42B1F /* GradientColor.swift */ = {isa = PBXFileReference; lastKnownFileType = sourcecode.swift; path = GradientColor.swift; sourceTree = "<group>"; };
		D97904E02DFF43B700A42B1F /* RydrPlaygroundApp.swift */ = {isa = PBXFileReference; lastKnownFileType = sourcecode.swift; path = RydrPlaygroundApp.swift; sourceTree = "<group>"; };
		D97904E12DFF43B700A42B1F /* UploadBox.swift */ = {isa = PBXFileReference; lastKnownFileType = sourcecode.swift; path = UploadBox.swift; sourceTree = "<group>"; };
		D97904E22DFF43B700A42B1F /* View+Extension.swift */ = {isa = PBXFileReference; lastKnownFileType = sourcecode.swift; path = "View+Extension.swift"; sourceTree = "<group>"; };
		D97904F92DFF8E3F00A42B1F /* AppDelegate.swift */ = {isa = PBXFileReference; lastKnownFileType = sourcecode.swift; path = AppDelegate.swift; sourceTree = "<group>"; };
		D97904FB2DFF9A1C00A42B1F /* VerificationCodeView.swift */ = {isa = PBXFileReference; lastKnownFileType = sourcecode.swift; path = VerificationCodeView.swift; sourceTree = "<group>"; };
		D9935A282E0721F900056DB7 /* RideInProgressView.swift */ = {isa = PBXFileReference; lastKnownFileType = sourcecode.swift; path = RideInProgressView.swift; sourceTree = "<group>"; };
		D9935A392E077E6F00056DB7 /* PaymentMethodView.swift */ = {isa = PBXFileReference; lastKnownFileType = sourcecode.swift; path = PaymentMethodView.swift; sourceTree = "<group>"; };
		D9935A3B2E077F0B00056DB7 /* PaymentScreenView.swift */ = {isa = PBXFileReference; lastKnownFileType = sourcecode.swift; path = PaymentScreenView.swift; sourceTree = "<group>"; };
		D9A571E42DF9C6A900C04006 /* RydrPlayground.app */ = {isa = PBXFileReference; explicitFileType = wrapper.application; includeInIndex = 0; path = RydrPlayground.app; sourceTree = BUILT_PRODUCTS_DIR; };
		D9A571E92DF9C6A900C04006 /* BookingView.swift */ = {isa = PBXFileReference; lastKnownFileType = sourcecode.swift; path = BookingView.swift; sourceTree = "<group>"; };
		D9A571F22DF9C6AB00C04006 /* RydrPlaygroundTests.xctest */ = {isa = PBXFileReference; explicitFileType = wrapper.cfbundle; includeInIndex = 0; path = RydrPlaygroundTests.xctest; sourceTree = BUILT_PRODUCTS_DIR; };
		D9A571FC2DF9C6AB00C04006 /* RydrPlaygroundUITests.xctest */ = {isa = PBXFileReference; explicitFileType = wrapper.cfbundle; includeInIndex = 0; path = RydrPlaygroundUITests.xctest; sourceTree = BUILT_PRODUCTS_DIR; };
		D9A5720F2DF9E67E00C04006 /* RideTypeSelectionView.swift */ = {isa = PBXFileReference; lastKnownFileType = sourcecode.swift; path = RideTypeSelectionView.swift; sourceTree = "<group>"; };
		D9A572112DFA5DB300C04006 /* ProfileView.swift */ = {isa = PBXFileReference; lastKnownFileType = sourcecode.swift; path = ProfileView.swift; sourceTree = "<group>"; };
		D9A572132DFA5E6F00C04006 /* MainTabView.swift */ = {isa = PBXFileReference; lastKnownFileType = sourcecode.swift; path = MainTabView.swift; sourceTree = "<group>"; };
		D9A6ECBF2E06EA000088C442 /* DriverCardView.swift */ = {isa = PBXFileReference; lastKnownFileType = sourcecode.swift; path = DriverCardView.swift; sourceTree = "<group>"; };
		D9A6ECC12E06EA1F0088C442 /* DriverSelectionView.swift */ = {isa = PBXFileReference; lastKnownFileType = sourcecode.swift; path = DriverSelectionView.swift; sourceTree = "<group>"; };
/* End PBXFileReference section */

/* Begin PBXFileSystemSynchronizedBuildFileExceptionSet section */
		D9723BF22DFDB1F20075DBC1 /* Exceptions for "RydrPlaygroundUITests" folder in "RydrPlayground" target */ = {
			isa = PBXFileSystemSynchronizedBuildFileExceptionSet;
			membershipExceptions = (
				"GoogleService-Info.plist",
			);
			target = D9A571E32DF9C6A900C04006 /* RydrPlayground */;
		};
		D9723BF32DFDB1F20075DBC1 /* Exceptions for "RydrPlaygroundUITests" folder in "RydrPlaygroundTests" target */ = {
			isa = PBXFileSystemSynchronizedBuildFileExceptionSet;
			membershipExceptions = (
				"GoogleService-Info.plist",
			);
			target = D9A571F12DF9C6AB00C04006 /* RydrPlaygroundTests */;
		};
		D97904F62DFF482900A42B1F /* Exceptions for "RydrPlayground" folder in "RydrPlayground" target */ = {
			isa = PBXFileSystemSynchronizedBuildFileExceptionSet;
			membershipExceptions = (
				Info.plist,
			);
			target = D9A571E32DF9C6A900C04006 /* RydrPlayground */;
		};
/* End PBXFileSystemSynchronizedBuildFileExceptionSet section */

/* Begin PBXFileSystemSynchronizedRootGroup section */
		D9A571E62DF9C6A900C04006 /* RydrPlayground */ = {
			isa = PBXFileSystemSynchronizedRootGroup;
			exceptions = (
				D97904F62DFF482900A42B1F /* Exceptions for "RydrPlayground" folder in "RydrPlayground" target */,
			);
			path = RydrPlayground;
			sourceTree = "<group>";
		};
		D9A571F52DF9C6AB00C04006 /* RydrPlaygroundTests */ = {
			isa = PBXFileSystemSynchronizedRootGroup;
			path = RydrPlaygroundTests;
			sourceTree = "<group>";
		};
		D9A571FF2DF9C6AB00C04006 /* RydrPlaygroundUITests */ = {
			isa = PBXFileSystemSynchronizedRootGroup;
			exceptions = (
				D9723BF22DFDB1F20075DBC1 /* Exceptions for "RydrPlaygroundUITests" folder in "RydrPlayground" target */,
				D9723BF32DFDB1F20075DBC1 /* Exceptions for "RydrPlaygroundUITests" folder in "RydrPlaygroundTests" target */,
			);
			path = RydrPlaygroundUITests;
			sourceTree = "<group>";
		};
/* End PBXFileSystemSynchronizedRootGroup section */

/* Begin PBXFrameworksBuildPhase section */
		D9A571E12DF9C6A900C04006 /* Frameworks */ = {
			isa = PBXFrameworksBuildPhase;
			buildActionMask = 2147483647;
			files = (
				D9723BF82DFDB2BA0075DBC1 /* FirebaseAppCheck in Frameworks */,
				D9723BFA2DFDB2BA0075DBC1 /* FirebaseAuth in Frameworks */,
				D917BFB82E04AEB900F44272 /* GoogleSignInSwift in Frameworks */,
				D9935A2E2E077A9800056DB7 /* StripeApplePay in Frameworks */,
				D9935A302E077A9800056DB7 /* StripeConnect in Frameworks */,
				D9723BFC2DFDB2BA0075DBC1 /* FirebaseCore in Frameworks */,
				D9935A342E077A9800056DB7 /* StripePayments in Frameworks */,
				D97904F82DFF4B6700A42B1F /* FirebaseFirestore in Frameworks */,
				D9935A2C2E077A9800056DB7 /* Stripe in Frameworks */,
				D9723BF62DFDB2BA0075DBC1 /* FirebaseAnalytics in Frameworks */,
				D9935A322E077A9800056DB7 /* StripePaymentSheet in Frameworks */,
				D9935A362E077A9800056DB7 /* StripePaymentsUI in Frameworks */,
				D917BFB62E04AEB900F44272 /* GoogleSignIn in Frameworks */,
			);
			runOnlyForDeploymentPostprocessing = 0;
		};
		D9A571EF2DF9C6AB00C04006 /* Frameworks */ = {
			isa = PBXFrameworksBuildPhase;
			buildActionMask = 2147483647;
			files = (
			);
			runOnlyForDeploymentPostprocessing = 0;
		};
		D9A571F92DF9C6AB00C04006 /* Frameworks */ = {
			isa = PBXFrameworksBuildPhase;
			buildActionMask = 2147483647;
			files = (
			);
			runOnlyForDeploymentPostprocessing = 0;
		};
/* End PBXFrameworksBuildPhase section */

/* Begin PBXGroup section */
		D9A571DB2DF9C6A900C04006 = {
			isa = PBXGroup;
			children = (
				D9935A3B2E077F0B00056DB7 /* PaymentScreenView.swift */,
				D9935A392E077E6F00056DB7 /* PaymentMethodView.swift */,
				D9935A282E0721F900056DB7 /* RideInProgressView.swift */,
				D9A6ECC12E06EA1F0088C442 /* DriverSelectionView.swift */,
				D9A6ECBF2E06EA000088C442 /* DriverCardView.swift */,
				D97904FB2DFF9A1C00A42B1F /* VerificationCodeView.swift */,
				D9723C272DFE69ED0075DBC1 /* ImagePicker.swift */,
				D9723C252DFE698D0075DBC1 /* PrivacyModalView.swift */,
				D9723C232DFE69610075DBC1 /* TermsModalView.swift */,
				D9723C102DFE245E0075DBC1 /* SplashCoordinatorView.swift */,
				D9723C0E2DFE22CA0075DBC1 /* VideoPlayerView.swift */,
				D9723C0C2DFE22890075DBC1 /* SplashVideoView.swift */,
				D9723BE12DFD357B0075DBC1 /* Styles.swift */,
				D9723BDF2DFD32080075DBC1 /* UserSessionManager.swift */,
				D9723BDB2DFD31090075DBC1 /* WelcomeView.swift */,
				D9723C292DFE730B0075DBC1 /* SignupCoordinator.swift */,
				D9723C2D2DFE73180075DBC1 /* PhoneVerificationView.swift */,
				D9723C312DFE73280075DBC1 /* NameEntryView.swift */,
				D9723C352DFE73340075DBC1 /* EmailAndPasswordView.swift */,
				D9723C392DFE733F0075DBC1 /* AddressInfoView.swift */,
				D9723C3D2DFE734B0075DBC1 /* TermsAndVerificationView.swift */,
				D9723BD92DFD302C0075DBC1 /* LoginView.swift */,
				D9A572132DFA5E6F00C04006 /* MainTabView.swift */,
				D9A572112DFA5DB300C04006 /* ProfileView.swift */,
				D9A5720F2DF9E67E00C04006 /* RideTypeSelectionView.swift */,
				D9A571E92DF9C6A900C04006 /* BookingView.swift */,
				D97904F92DFF8E3F00A42B1F /* AppDelegate.swift */,
				D97904DE2DFF43B700A42B1F /* GradientColor.swift */,
				D97904E12DFF43B700A42B1F /* UploadBox.swift */,
				D97904E22DFF43B700A42B1F /* View+Extension.swift */,
				D97904E02DFF43B700A42B1F /* RydrPlaygroundApp.swift */,
				D9A571E62DF9C6A900C04006 /* RydrPlayground */,
				D9A571F52DF9C6AB00C04006 /* RydrPlaygroundTests */,
				D9A571FF2DF9C6AB00C04006 /* RydrPlaygroundUITests */,
				D9A571E52DF9C6A900C04006 /* Products */,
			);
			sourceTree = "<group>";
		};
		D9A571E52DF9C6A900C04006 /* Products */ = {
			isa = PBXGroup;
			children = (
				D9A571E42DF9C6A900C04006 /* RydrPlayground.app */,
				D9A571F22DF9C6AB00C04006 /* RydrPlaygroundTests.xctest */,
				D9A571FC2DF9C6AB00C04006 /* RydrPlaygroundUITests.xctest */,
			);
			name = Products;
			sourceTree = "<group>";
		};
/* End PBXGroup section */

/* Begin PBXNativeTarget section */
		D9A571E32DF9C6A900C04006 /* RydrPlayground */ = {
			isa = PBXNativeTarget;
			buildConfigurationList = D9A572062DF9C6AB00C04006 /* Build configuration list for PBXNativeTarget "RydrPlayground" */;
			buildPhases = (
				D9A571E02DF9C6A900C04006 /* Sources */,
				D9A571E12DF9C6A900C04006 /* Frameworks */,
				D9A571E22DF9C6A900C04006 /* Resources */,
			);
			buildRules = (
			);
			dependencies = (
			);
			fileSystemSynchronizedGroups = (
				D9A571E62DF9C6A900C04006 /* RydrPlayground */,
			);
			name = RydrPlayground;
			packageProductDependencies = (
				D9723BF52DFDB2BA0075DBC1 /* FirebaseAnalytics */,
				D9723BF72DFDB2BA0075DBC1 /* FirebaseAppCheck */,
				D9723BF92DFDB2BA0075DBC1 /* FirebaseAuth */,
				D9723BFB2DFDB2BA0075DBC1 /* FirebaseCore */,
				D97904F72DFF4B6700A42B1F /* FirebaseFirestore */,
				D917BFB52E04AEB900F44272 /* GoogleSignIn */,
				D917BFB72E04AEB900F44272 /* GoogleSignInSwift */,
				D9935A2B2E077A9800056DB7 /* Stripe */,
				D9935A2D2E077A9800056DB7 /* StripeApplePay */,
				D9935A2F2E077A9800056DB7 /* StripeConnect */,
				D9935A312E077A9800056DB7 /* StripePaymentSheet */,
				D9935A332E077A9800056DB7 /* StripePayments */,
				D9935A352E077A9800056DB7 /* StripePaymentsUI */,
			);
			productName = RydrPlayground;
			productReference = D9A571E42DF9C6A900C04006 /* RydrPlayground.app */;
			productType = "com.apple.product-type.application";
		};
		D9A571F12DF9C6AB00C04006 /* RydrPlaygroundTests */ = {
			isa = PBXNativeTarget;
			buildConfigurationList = D9A572092DF9C6AB00C04006 /* Build configuration list for PBXNativeTarget "RydrPlaygroundTests" */;
			buildPhases = (
				D9A571EE2DF9C6AB00C04006 /* Sources */,
				D9A571EF2DF9C6AB00C04006 /* Frameworks */,
				D9A571F02DF9C6AB00C04006 /* Resources */,
			);
			buildRules = (
			);
			dependencies = (
				D9A571F42DF9C6AB00C04006 /* PBXTargetDependency */,
			);
			fileSystemSynchronizedGroups = (
				D9A571F52DF9C6AB00C04006 /* RydrPlaygroundTests */,
			);
			name = RydrPlaygroundTests;
			packageProductDependencies = (
			);
			productName = RydrPlaygroundTests;
			productReference = D9A571F22DF9C6AB00C04006 /* RydrPlaygroundTests.xctest */;
			productType = "com.apple.product-type.bundle.unit-test";
		};
		D9A571FB2DF9C6AB00C04006 /* RydrPlaygroundUITests */ = {
			isa = PBXNativeTarget;
			buildConfigurationList = D9A5720C2DF9C6AB00C04006 /* Build configuration list for PBXNativeTarget "RydrPlaygroundUITests" */;
			buildPhases = (
				D9A571F82DF9C6AB00C04006 /* Sources */,
				D9A571F92DF9C6AB00C04006 /* Frameworks */,
				D9A571FA2DF9C6AB00C04006 /* Resources */,
			);
			buildRules = (
			);
			dependencies = (
				D9A571FE2DF9C6AB00C04006 /* PBXTargetDependency */,
			);
			fileSystemSynchronizedGroups = (
				D9A571FF2DF9C6AB00C04006 /* RydrPlaygroundUITests */,
			);
			name = RydrPlaygroundUITests;
			packageProductDependencies = (
			);
			productName = RydrPlaygroundUITests;
			productReference = D9A571FC2DF9C6AB00C04006 /* RydrPlaygroundUITests.xctest */;
			productType = "com.apple.product-type.bundle.ui-testing";
		};
/* End PBXNativeTarget section */

/* Begin PBXProject section */
		D9A571DC2DF9C6A900C04006 /* Project object */ = {
			isa = PBXProject;
			attributes = {
				BuildIndependentTargetsInParallel = 1;
				LastSwiftUpdateCheck = 1640;
				LastUpgradeCheck = 1640;
				TargetAttributes = {
					D9A571E32DF9C6A900C04006 = {
						CreatedOnToolsVersion = 16.4;
					};
					D9A571F12DF9C6AB00C04006 = {
						CreatedOnToolsVersion = 16.4;
						TestTargetID = D9A571E32DF9C6A900C04006;
					};
					D9A571FB2DF9C6AB00C04006 = {
						CreatedOnToolsVersion = 16.4;
						TestTargetID = D9A571E32DF9C6A900C04006;
					};
				};
			};
			buildConfigurationList = D9A571DF2DF9C6A900C04006 /* Build configuration list for PBXProject "RydrPlayground" */;
			developmentRegion = en;
			hasScannedForEncodings = 0;
			knownRegions = (
				en,
				Base,
			);
			mainGroup = D9A571DB2DF9C6A900C04006;
			minimizedProjectReferenceProxies = 1;
			packageReferences = (
				D9723BF42DFDB2BA0075DBC1 /* XCRemoteSwiftPackageReference "firebase-ios-sdk" */,
				D917BFB42E04AEB900F44272 /* XCRemoteSwiftPackageReference "GoogleSignIn-iOS" */,
				D9935A2A2E077A9800056DB7 /* XCRemoteSwiftPackageReference "stripe-ios" */,
			);
			preferredProjectObjectVersion = 77;
			productRefGroup = D9A571E52DF9C6A900C04006 /* Products */;
			projectDirPath = "";
			projectRoot = "";
			targets = (
				D9A571E32DF9C6A900C04006 /* RydrPlayground */,
				D9A571F12DF9C6AB00C04006 /* RydrPlaygroundTests */,
				D9A571FB2DF9C6AB00C04006 /* RydrPlaygroundUITests */,
			);
		};
/* End PBXProject section */

/* Begin PBXResourcesBuildPhase section */
		D9A571E22DF9C6A900C04006 /* Resources */ = {
			isa = PBXResourcesBuildPhase;
			buildActionMask = 2147483647;
			files = (
			);
			runOnlyForDeploymentPostprocessing = 0;
		};
		D9A571F02DF9C6AB00C04006 /* Resources */ = {
			isa = PBXResourcesBuildPhase;
			buildActionMask = 2147483647;
			files = (
			);
			runOnlyForDeploymentPostprocessing = 0;
		};
		D9A571FA2DF9C6AB00C04006 /* Resources */ = {
			isa = PBXResourcesBuildPhase;
			buildActionMask = 2147483647;
			files = (
			);
			runOnlyForDeploymentPostprocessing = 0;
		};
/* End PBXResourcesBuildPhase section */

/* Begin PBXSourcesBuildPhase section */
		D9A571E02DF9C6A900C04006 /* Sources */ = {
			isa = PBXSourcesBuildPhase;
			buildActionMask = 2147483647;
			files = (
				D9723BDA2DFD302F0075DBC1 /* LoginView.swift in Sources */,
				D9723BE22DFD35820075DBC1 /* Styles.swift in Sources */,
				D9723C3B2DFE733F0075DBC1 /* AddressInfoView.swift in Sources */,
				D9723BE02DFD32130075DBC1 /* UserSessionManager.swift in Sources */,
				D97904E32DFF43B700A42B1F /* GradientColor.swift in Sources */,
				D97904E42DFF43B700A42B1F /* RydrPlaygroundApp.swift in Sources */,
				D97904E52DFF43B700A42B1F /* UploadBox.swift in Sources */,
				D97904E62DFF43B700A42B1F /* View+Extension.swift in Sources */,
				D9723C282DFE69F80075DBC1 /* ImagePicker.swift in Sources */,
				D9A572122DFA5DB800C04006 /* ProfileView.swift in Sources */,
				D97904FC2DFF9A3200A42B1F /* VerificationCodeView.swift in Sources */,
				D9723C382DFE73340075DBC1 /* EmailAndPasswordView.swift in Sources */,
				D9723C262DFE699F0075DBC1 /* PrivacyModalView.swift in Sources */,
				D9A572102DF9E69A00C04006 /* RideTypeSelectionView.swift in Sources */,
				D97904FA2DFF8E5300A42B1F /* AppDelegate.swift in Sources */,
				D9723C2B2DFE730B0075DBC1 /* SignupCoordinator.swift in Sources */,
				D9723C322DFE73280075DBC1 /* NameEntryView.swift in Sources */,
				D9A6ECC22E06EA400088C442 /* DriverSelectionView.swift in Sources */,
				D9723C242DFE69760075DBC1 /* TermsModalView.swift in Sources */,
				D9A571EA2DF9C6A900C04006 /* BookingView.swift in Sources */,
				D9A572142DFA5E7E00C04006 /* MainTabView.swift in Sources */,
				D9723C2F2DFE73180075DBC1 /* PhoneVerificationView.swift in Sources */,
				D9935A3A2E077E7B00056DB7 /* PaymentMethodView.swift in Sources */,
				D9A6ECC02E06EA0A0088C442 /* DriverCardView.swift in Sources */,
				D9723C0D2DFE229D0075DBC1 /* SplashVideoView.swift in Sources */,
				D9723C112DFE24860075DBC1 /* SplashCoordinatorView.swift in Sources */,
				D9935A292E07220400056DB7 /* RideInProgressView.swift in Sources */,
				D9723BDC2DFD31120075DBC1 /* WelcomeView.swift in Sources */,
				D9935A3C2E077F1300056DB7 /* PaymentScreenView.swift in Sources */,
				D9723C0F2DFE22D50075DBC1 /* VideoPlayerView.swift in Sources */,
				D9723C402DFE734B0075DBC1 /* TermsAndVerificationView.swift in Sources */,
			);
			runOnlyForDeploymentPostprocessing = 0;
		};
		D9A571EE2DF9C6AB00C04006 /* Sources */ = {
			isa = PBXSourcesBuildPhase;
			buildActionMask = 2147483647;
			files = (
				D9723C362DFE73340075DBC1 /* EmailAndPasswordView.swift in Sources */,
				D9723C2A2DFE730B0075DBC1 /* SignupCoordinator.swift in Sources */,
				D9723C2E2DFE73180075DBC1 /* PhoneVerificationView.swift in Sources */,
				D9723C342DFE73280075DBC1 /* NameEntryView.swift in Sources */,
				D9723C3A2DFE733F0075DBC1 /* AddressInfoView.swift in Sources */,
				D97904E92DFF43B700A42B1F /* View+Extension.swift in Sources */,
				D9723C3F2DFE734B0075DBC1 /* TermsAndVerificationView.swift in Sources */,
			);
			runOnlyForDeploymentPostprocessing = 0;
		};
		D9A571F82DF9C6AB00C04006 /* Sources */ = {
			isa = PBXSourcesBuildPhase;
			buildActionMask = 2147483647;
			files = (
				D9723C372DFE73340075DBC1 /* EmailAndPasswordView.swift in Sources */,
				D9723C2C2DFE730B0075DBC1 /* SignupCoordinator.swift in Sources */,
				D9723C3C2DFE733F0075DBC1 /* AddressInfoView.swift in Sources */,
				D9723C332DFE73280075DBC1 /* NameEntryView.swift in Sources */,
				D9723C302DFE73180075DBC1 /* PhoneVerificationView.swift in Sources */,
				D97904EA2DFF43B700A42B1F /* View+Extension.swift in Sources */,
				D9723C3E2DFE734B0075DBC1 /* TermsAndVerificationView.swift in Sources */,
			);
			runOnlyForDeploymentPostprocessing = 0;
		};
/* End PBXSourcesBuildPhase section */

/* Begin PBXTargetDependency section */
		D9A571F42DF9C6AB00C04006 /* PBXTargetDependency */ = {
			isa = PBXTargetDependency;
			target = D9A571E32DF9C6A900C04006 /* RydrPlayground */;
			targetProxy = D9A571F32DF9C6AB00C04006 /* PBXContainerItemProxy */;
		};
		D9A571FE2DF9C6AB00C04006 /* PBXTargetDependency */ = {
			isa = PBXTargetDependency;
			target = D9A571E32DF9C6A900C04006 /* RydrPlayground */;
			targetProxy = D9A571FD2DF9C6AB00C04006 /* PBXContainerItemProxy */;
		};
/* End PBXTargetDependency section */

/* Begin XCBuildConfiguration section */
		D9A572042DF9C6AB00C04006 /* Debug */ = {
			isa = XCBuildConfiguration;
			buildSettings = {
				ALWAYS_SEARCH_USER_PATHS = NO;
				ASSETCATALOG_COMPILER_GENERATE_SWIFT_ASSET_SYMBOL_EXTENSIONS = YES;
				CLANG_ANALYZER_NONNULL = YES;
				CLANG_ANALYZER_NUMBER_OBJECT_CONVERSION = YES_AGGRESSIVE;
				CLANG_CXX_LANGUAGE_STANDARD = "gnu++20";
				CLANG_ENABLE_MODULES = YES;
				CLANG_ENABLE_OBJC_ARC = YES;
				CLANG_ENABLE_OBJC_WEAK = YES;
				CLANG_WARN_BLOCK_CAPTURE_AUTORELEASING = YES;
				CLANG_WARN_BOOL_CONVERSION = YES;
				CLANG_WARN_COMMA = YES;
				CLANG_WARN_CONSTANT_CONVERSION = YES;
				CLANG_WARN_DEPRECATED_OBJC_IMPLEMENTATIONS = YES;
				CLANG_WARN_DIRECT_OBJC_ISA_USAGE = YES_ERROR;
				CLANG_WARN_DOCUMENTATION_COMMENTS = YES;
				CLANG_WARN_EMPTY_BODY = YES;
				CLANG_WARN_ENUM_CONVERSION = YES;
				CLANG_WARN_INFINITE_RECURSION = YES;
				CLANG_WARN_INT_CONVERSION = YES;
				CLANG_WARN_NON_LITERAL_NULL_CONVERSION = YES;
				CLANG_WARN_OBJC_IMPLICIT_RETAIN_SELF = YES;
				CLANG_WARN_OBJC_LITERAL_CONVERSION = YES;
				CLANG_WARN_OBJC_ROOT_CLASS = YES_ERROR;
				CLANG_WARN_QUOTED_INCLUDE_IN_FRAMEWORK_HEADER = YES;
				CLANG_WARN_RANGE_LOOP_ANALYSIS = YES;
				CLANG_WARN_STRICT_PROTOTYPES = YES;
				CLANG_WARN_SUSPICIOUS_MOVE = YES;
				CLANG_WARN_UNGUARDED_AVAILABILITY = YES_AGGRESSIVE;
				CLANG_WARN_UNREACHABLE_CODE = YES;
				CLANG_WARN__DUPLICATE_METHOD_MATCH = YES;
				COPY_PHASE_STRIP = NO;
				DEBUG_INFORMATION_FORMAT = dwarf;
				ENABLE_STRICT_OBJC_MSGSEND = YES;
				ENABLE_TESTABILITY = YES;
				ENABLE_USER_SCRIPT_SANDBOXING = YES;
				GCC_C_LANGUAGE_STANDARD = gnu17;
				GCC_DYNAMIC_NO_PIC = NO;
				GCC_NO_COMMON_BLOCKS = YES;
				GCC_OPTIMIZATION_LEVEL = 0;
				GCC_PREPROCESSOR_DEFINITIONS = (
					"DEBUG=1",
					"$(inherited)",
				);
				GCC_WARN_64_TO_32_BIT_CONVERSION = YES;
				GCC_WARN_ABOUT_RETURN_TYPE = YES_ERROR;
				GCC_WARN_UNDECLARED_SELECTOR = YES;
				GCC_WARN_UNINITIALIZED_AUTOS = YES_AGGRESSIVE;
				GCC_WARN_UNUSED_FUNCTION = YES;
				GCC_WARN_UNUSED_VARIABLE = YES;
				LOCALIZATION_PREFERS_STRING_CATALOGS = YES;
				MTL_ENABLE_DEBUG_INFO = INCLUDE_SOURCE;
				MTL_FAST_MATH = YES;
				ONLY_ACTIVE_ARCH = YES;
				SWIFT_ACTIVE_COMPILATION_CONDITIONS = "DEBUG $(inherited)";
				SWIFT_OPTIMIZATION_LEVEL = "-Onone";
			};
			name = Debug;
		};
		D9A572052DF9C6AB00C04006 /* Release */ = {
			isa = XCBuildConfiguration;
			buildSettings = {
				ALWAYS_SEARCH_USER_PATHS = NO;
				ASSETCATALOG_COMPILER_GENERATE_SWIFT_ASSET_SYMBOL_EXTENSIONS = YES;
				CLANG_ANALYZER_NONNULL = YES;
				CLANG_ANALYZER_NUMBER_OBJECT_CONVERSION = YES_AGGRESSIVE;
				CLANG_CXX_LANGUAGE_STANDARD = "gnu++20";
				CLANG_ENABLE_MODULES = YES;
				CLANG_ENABLE_OBJC_ARC = YES;
				CLANG_ENABLE_OBJC_WEAK = YES;
				CLANG_WARN_BLOCK_CAPTURE_AUTORELEASING = YES;
				CLANG_WARN_BOOL_CONVERSION = YES;
				CLANG_WARN_COMMA = YES;
				CLANG_WARN_CONSTANT_CONVERSION = YES;
				CLANG_WARN_DEPRECATED_OBJC_IMPLEMENTATIONS = YES;
				CLANG_WARN_DIRECT_OBJC_ISA_USAGE = YES_ERROR;
				CLANG_WARN_DOCUMENTATION_COMMENTS = YES;
				CLANG_WARN_EMPTY_BODY = YES;
				CLANG_WARN_ENUM_CONVERSION = YES;
				CLANG_WARN_INFINITE_RECURSION = YES;
				CLANG_WARN_INT_CONVERSION = YES;
				CLANG_WARN_NON_LITERAL_NULL_CONVERSION = YES;
				CLANG_WARN_OBJC_IMPLICIT_RETAIN_SELF = YES;
				CLANG_WARN_OBJC_LITERAL_CONVERSION = YES;
				CLANG_WARN_OBJC_ROOT_CLASS = YES_ERROR;
				CLANG_WARN_QUOTED_INCLUDE_IN_FRAMEWORK_HEADER = YES;
				CLANG_WARN_RANGE_LOOP_ANALYSIS = YES;
				CLANG_WARN_STRICT_PROTOTYPES = YES;
				CLANG_WARN_SUSPICIOUS_MOVE = YES;
				CLANG_WARN_UNGUARDED_AVAILABILITY = YES_AGGRESSIVE;
				CLANG_WARN_UNREACHABLE_CODE = YES;
				CLANG_WARN__DUPLICATE_METHOD_MATCH = YES;
				COPY_PHASE_STRIP = NO;
				DEBUG_INFORMATION_FORMAT = "dwarf-with-dsym";
				ENABLE_NS_ASSERTIONS = NO;
				ENABLE_STRICT_OBJC_MSGSEND = YES;
				ENABLE_USER_SCRIPT_SANDBOXING = YES;
				GCC_C_LANGUAGE_STANDARD = gnu17;
				GCC_NO_COMMON_BLOCKS = YES;
				GCC_WARN_64_TO_32_BIT_CONVERSION = YES;
				GCC_WARN_ABOUT_RETURN_TYPE = YES_ERROR;
				GCC_WARN_UNDECLARED_SELECTOR = YES;
				GCC_WARN_UNINITIALIZED_AUTOS = YES_AGGRESSIVE;
				GCC_WARN_UNUSED_FUNCTION = YES;
				GCC_WARN_UNUSED_VARIABLE = YES;
				LOCALIZATION_PREFERS_STRING_CATALOGS = YES;
				MTL_ENABLE_DEBUG_INFO = NO;
				MTL_FAST_MATH = YES;
				SWIFT_COMPILATION_MODE = wholemodule;
			};
			name = Release;
		};
		D9A572072DF9C6AB00C04006 /* Debug */ = {
			isa = XCBuildConfiguration;
			buildSettings = {
				ASSETCATALOG_COMPILER_APPICON_NAME = AppIcon;
				ASSETCATALOG_COMPILER_GLOBAL_ACCENT_COLOR_NAME = AccentColor;
				CODE_SIGN_ENTITLEMENTS = RydrPlayground/RydrPlayground.entitlements;
				CODE_SIGN_STYLE = Automatic;
				CURRENT_PROJECT_VERSION = 1;
				DEVELOPMENT_TEAM = JMYJTGCAYG;
				ENABLE_PREVIEWS = YES;
				GENERATE_INFOPLIST_FILE = YES;
				INFOPLIST_FILE = RydrPlayground/Info.plist;
				"INFOPLIST_KEY_UIApplicationSceneManifest_Generation[sdk=iphoneos*]" = YES;
				"INFOPLIST_KEY_UIApplicationSceneManifest_Generation[sdk=iphonesimulator*]" = YES;
				"INFOPLIST_KEY_UIApplicationSupportsIndirectInputEvents[sdk=iphoneos*]" = YES;
				"INFOPLIST_KEY_UIApplicationSupportsIndirectInputEvents[sdk=iphonesimulator*]" = YES;
				"INFOPLIST_KEY_UILaunchScreen_Generation[sdk=iphoneos*]" = YES;
				"INFOPLIST_KEY_UILaunchScreen_Generation[sdk=iphonesimulator*]" = YES;
				"INFOPLIST_KEY_UIStatusBarStyle[sdk=iphoneos*]" = UIStatusBarStyleDefault;
				"INFOPLIST_KEY_UIStatusBarStyle[sdk=iphonesimulator*]" = UIStatusBarStyleDefault;
				INFOPLIST_KEY_UISupportedInterfaceOrientations_iPad = "UIInterfaceOrientationPortrait UIInterfaceOrientationPortraitUpsideDown UIInterfaceOrientationLandscapeLeft UIInterfaceOrientationLandscapeRight";
				INFOPLIST_KEY_UISupportedInterfaceOrientations_iPhone = "UIInterfaceOrientationPortrait UIInterfaceOrientationLandscapeLeft UIInterfaceOrientationLandscapeRight";
				IPHONEOS_DEPLOYMENT_TARGET = 18.5;
				LD_RUNPATH_SEARCH_PATHS = "@executable_path/Frameworks";
				"LD_RUNPATH_SEARCH_PATHS[sdk=macosx*]" = "@executable_path/../Frameworks";
				MACOSX_DEPLOYMENT_TARGET = 15.5;
				MARKETING_VERSION = 1.0;
				PRODUCT_BUNDLE_IDENTIFIER = com.khris.rydr.RydrPlayground;
				PRODUCT_NAME = "$(TARGET_NAME)";
				REGISTER_APP_GROUPS = YES;
				SDKROOT = auto;
				SUPPORTED_PLATFORMS = "iphoneos iphonesimulator macosx xros xrsimulator";
				SWIFT_EMIT_LOC_STRINGS = YES;
				SWIFT_VERSION = 5.0;
				TARGETED_DEVICE_FAMILY = "1,2,7";
				XROS_DEPLOYMENT_TARGET = 2.5;
			};
			name = Debug;
		};
		D9A572082DF9C6AB00C04006 /* Release */ = {
			isa = XCBuildConfiguration;
			buildSettings = {
				ASSETCATALOG_COMPILER_APPICON_NAME = AppIcon;
				ASSETCATALOG_COMPILER_GLOBAL_ACCENT_COLOR_NAME = AccentColor;
				CODE_SIGN_ENTITLEMENTS = RydrPlayground/RydrPlayground.entitlements;
				CODE_SIGN_STYLE = Automatic;
				CURRENT_PROJECT_VERSION = 1;
				DEVELOPMENT_TEAM = JMYJTGCAYG;
				ENABLE_PREVIEWS = YES;
				GENERATE_INFOPLIST_FILE = YES;
				INFOPLIST_FILE = RydrPlayground/Info.plist;
				"INFOPLIST_KEY_UIApplicationSceneManifest_Generation[sdk=iphoneos*]" = YES;
				"INFOPLIST_KEY_UIApplicationSceneManifest_Generation[sdk=iphonesimulator*]" = YES;
				"INFOPLIST_KEY_UIApplicationSupportsIndirectInputEvents[sdk=iphoneos*]" = YES;
				"INFOPLIST_KEY_UIApplicationSupportsIndirectInputEvents[sdk=iphonesimulator*]" = YES;
				"INFOPLIST_KEY_UILaunchScreen_Generation[sdk=iphoneos*]" = YES;
				"INFOPLIST_KEY_UILaunchScreen_Generation[sdk=iphonesimulator*]" = YES;
				"INFOPLIST_KEY_UIStatusBarStyle[sdk=iphoneos*]" = UIStatusBarStyleDefault;
				"INFOPLIST_KEY_UIStatusBarStyle[sdk=iphonesimulator*]" = UIStatusBarStyleDefault;
				INFOPLIST_KEY_UISupportedInterfaceOrientations_iPad = "UIInterfaceOrientationPortrait UIInterfaceOrientationPortraitUpsideDown UIInterfaceOrientationLandscapeLeft UIInterfaceOrientationLandscapeRight";
				INFOPLIST_KEY_UISupportedInterfaceOrientations_iPhone = "UIInterfaceOrientationPortrait UIInterfaceOrientationLandscapeLeft UIInterfaceOrientationLandscapeRight";
				IPHONEOS_DEPLOYMENT_TARGET = 18.5;
				LD_RUNPATH_SEARCH_PATHS = "@executable_path/Frameworks";
				"LD_RUNPATH_SEARCH_PATHS[sdk=macosx*]" = "@executable_path/../Frameworks";
				MACOSX_DEPLOYMENT_TARGET = 15.5;
				MARKETING_VERSION = 1.0;
				PRODUCT_BUNDLE_IDENTIFIER = com.khris.rydr.RydrPlayground;
				PRODUCT_NAME = "$(TARGET_NAME)";
				REGISTER_APP_GROUPS = YES;
				SDKROOT = auto;
				SUPPORTED_PLATFORMS = "iphoneos iphonesimulator macosx xros xrsimulator";
				SWIFT_EMIT_LOC_STRINGS = YES;
				SWIFT_VERSION = 5.0;
				TARGETED_DEVICE_FAMILY = "1,2,7";
				XROS_DEPLOYMENT_TARGET = 2.5;
			};
			name = Release;
		};
		D9A5720A2DF9C6AB00C04006 /* Debug */ = {
			isa = XCBuildConfiguration;
			buildSettings = {
				BUNDLE_LOADER = "$(TEST_HOST)";
				CODE_SIGN_STYLE = Automatic;
				CURRENT_PROJECT_VERSION = 1;
				GENERATE_INFOPLIST_FILE = YES;
				IPHONEOS_DEPLOYMENT_TARGET = 18.5;
				MACOSX_DEPLOYMENT_TARGET = 15.5;
				MARKETING_VERSION = 1.0;
				PRODUCT_BUNDLE_IDENTIFIER = com.khris.rydr.RydrPlaygroundTests;
				PRODUCT_NAME = "$(TARGET_NAME)";
				SDKROOT = auto;
				SUPPORTED_PLATFORMS = "iphoneos iphonesimulator macosx xros xrsimulator";
				SWIFT_EMIT_LOC_STRINGS = NO;
				SWIFT_VERSION = 5.0;
				TARGETED_DEVICE_FAMILY = "1,2,7";
				TEST_HOST = "$(BUILT_PRODUCTS_DIR)/RydrPlayground.app/$(BUNDLE_EXECUTABLE_FOLDER_PATH)/RydrPlayground";
				XROS_DEPLOYMENT_TARGET = 2.5;
			};
			name = Debug;
		};
		D9A5720B2DF9C6AB00C04006 /* Release */ = {
			isa = XCBuildConfiguration;
			buildSettings = {
				BUNDLE_LOADER = "$(TEST_HOST)";
				CODE_SIGN_STYLE = Automatic;
				CURRENT_PROJECT_VERSION = 1;
				GENERATE_INFOPLIST_FILE = YES;
				IPHONEOS_DEPLOYMENT_TARGET = 18.5;
				MACOSX_DEPLOYMENT_TARGET = 15.5;
				MARKETING_VERSION = 1.0;
				PRODUCT_BUNDLE_IDENTIFIER = com.khris.rydr.RydrPlaygroundTests;
				PRODUCT_NAME = "$(TARGET_NAME)";
				SDKROOT = auto;
				SUPPORTED_PLATFORMS = "iphoneos iphonesimulator macosx xros xrsimulator";
				SWIFT_EMIT_LOC_STRINGS = NO;
				SWIFT_VERSION = 5.0;
				TARGETED_DEVICE_FAMILY = "1,2,7";
				TEST_HOST = "$(BUILT_PRODUCTS_DIR)/RydrPlayground.app/$(BUNDLE_EXECUTABLE_FOLDER_PATH)/RydrPlayground";
				XROS_DEPLOYMENT_TARGET = 2.5;
			};
			name = Release;
		};
		D9A5720D2DF9C6AB00C04006 /* Debug */ = {
			isa = XCBuildConfiguration;
			buildSettings = {
				CODE_SIGN_STYLE = Automatic;
				CURRENT_PROJECT_VERSION = 1;
				GENERATE_INFOPLIST_FILE = YES;
				IPHONEOS_DEPLOYMENT_TARGET = 18.5;
				MACOSX_DEPLOYMENT_TARGET = 15.5;
				MARKETING_VERSION = 1.0;
				PRODUCT_BUNDLE_IDENTIFIER = com.khris.rydr.RydrPlaygroundUITests;
				PRODUCT_NAME = "$(TARGET_NAME)";
				SDKROOT = auto;
				SUPPORTED_PLATFORMS = "iphoneos iphonesimulator macosx xros xrsimulator";
				SWIFT_EMIT_LOC_STRINGS = NO;
				SWIFT_VERSION = 5.0;
				TARGETED_DEVICE_FAMILY = "1,2,7";
				TEST_TARGET_NAME = RydrPlayground;
				XROS_DEPLOYMENT_TARGET = 2.5;
			};
			name = Debug;
		};
		D9A5720E2DF9C6AB00C04006 /* Release */ = {
			isa = XCBuildConfiguration;
			buildSettings = {
				CODE_SIGN_STYLE = Automatic;
				CURRENT_PROJECT_VERSION = 1;
				GENERATE_INFOPLIST_FILE = YES;
				IPHONEOS_DEPLOYMENT_TARGET = 18.5;
				MACOSX_DEPLOYMENT_TARGET = 15.5;
				MARKETING_VERSION = 1.0;
				PRODUCT_BUNDLE_IDENTIFIER = com.khris.rydr.RydrPlaygroundUITests;
				PRODUCT_NAME = "$(TARGET_NAME)";
				SDKROOT = auto;
				SUPPORTED_PLATFORMS = "iphoneos iphonesimulator macosx xros xrsimulator";
				SWIFT_EMIT_LOC_STRINGS = NO;
				SWIFT_VERSION = 5.0;
				TARGETED_DEVICE_FAMILY = "1,2,7";
				TEST_TARGET_NAME = RydrPlayground;
				XROS_DEPLOYMENT_TARGET = 2.5;
			};
			name = Release;
		};
/* End XCBuildConfiguration section */

/* Begin XCConfigurationList section */
		D9A571DF2DF9C6A900C04006 /* Build configuration list for PBXProject "RydrPlayground" */ = {
			isa = XCConfigurationList;
			buildConfigurations = (
				D9A572042DF9C6AB00C04006 /* Debug */,
				D9A572052DF9C6AB00C04006 /* Release */,
			);
			defaultConfigurationIsVisible = 0;
			defaultConfigurationName = Release;
		};
		D9A572062DF9C6AB00C04006 /* Build configuration list for PBXNativeTarget "RydrPlayground" */ = {
			isa = XCConfigurationList;
			buildConfigurations = (
				D9A572072DF9C6AB00C04006 /* Debug */,
				D9A572082DF9C6AB00C04006 /* Release */,
			);
			defaultConfigurationIsVisible = 0;
			defaultConfigurationName = Release;
		};
		D9A572092DF9C6AB00C04006 /* Build configuration list for PBXNativeTarget "RydrPlaygroundTests" */ = {
			isa = XCConfigurationList;
			buildConfigurations = (
				D9A5720A2DF9C6AB00C04006 /* Debug */,
				D9A5720B2DF9C6AB00C04006 /* Release */,
			);
			defaultConfigurationIsVisible = 0;
			defaultConfigurationName = Release;
		};
		D9A5720C2DF9C6AB00C04006 /* Build configuration list for PBXNativeTarget "RydrPlaygroundUITests" */ = {
			isa = XCConfigurationList;
			buildConfigurations = (
				D9A5720D2DF9C6AB00C04006 /* Debug */,
				D9A5720E2DF9C6AB00C04006 /* Release */,
			);
			defaultConfigurationIsVisible = 0;
			defaultConfigurationName = Release;
		};
/* End XCConfigurationList section */

/* Begin XCRemoteSwiftPackageReference section */
		D917BFB42E04AEB900F44272 /* XCRemoteSwiftPackageReference "GoogleSignIn-iOS" */ = {
			isa = XCRemoteSwiftPackageReference;
			repositoryURL = "https://github.com/google/GoogleSignIn-iOS";
			requirement = {
				kind = upToNextMajorVersion;
				minimumVersion = 8.0.0;
			};
		};
		D9723BF42DFDB2BA0075DBC1 /* XCRemoteSwiftPackageReference "firebase-ios-sdk" */ = {
			isa = XCRemoteSwiftPackageReference;
			repositoryURL = "https://github.com/firebase/firebase-ios-sdk";
			requirement = {
				kind = upToNextMajorVersion;
				minimumVersion = 11.14.0;
			};
		};
		D9935A2A2E077A9800056DB7 /* XCRemoteSwiftPackageReference "stripe-ios" */ = {
			isa = XCRemoteSwiftPackageReference;
			repositoryURL = "https://github.com/stripe/stripe-ios";
			requirement = {
				kind = upToNextMajorVersion;
				minimumVersion = 24.16.0;
			};
		};
/* End XCRemoteSwiftPackageReference section */

/* Begin XCSwiftPackageProductDependency section */
		D917BFB52E04AEB900F44272 /* GoogleSignIn */ = {
			isa = XCSwiftPackageProductDependency;
			package = D917BFB42E04AEB900F44272 /* XCRemoteSwiftPackageReference "GoogleSignIn-iOS" */;
			productName = GoogleSignIn;
		};
		D917BFB72E04AEB900F44272 /* GoogleSignInSwift */ = {
			isa = XCSwiftPackageProductDependency;
			package = D917BFB42E04AEB900F44272 /* XCRemoteSwiftPackageReference "GoogleSignIn-iOS" */;
			productName = GoogleSignInSwift;
		};
		D9723BF52DFDB2BA0075DBC1 /* FirebaseAnalytics */ = {
			isa = XCSwiftPackageProductDependency;
			package = D9723BF42DFDB2BA0075DBC1 /* XCRemoteSwiftPackageReference "firebase-ios-sdk" */;
			productName = FirebaseAnalytics;
		};
		D9723BF72DFDB2BA0075DBC1 /* FirebaseAppCheck */ = {
			isa = XCSwiftPackageProductDependency;
			package = D9723BF42DFDB2BA0075DBC1 /* XCRemoteSwiftPackageReference "firebase-ios-sdk" */;
			productName = FirebaseAppCheck;
		};
		D9723BF92DFDB2BA0075DBC1 /* FirebaseAuth */ = {
			isa = XCSwiftPackageProductDependency;
			package = D9723BF42DFDB2BA0075DBC1 /* XCRemoteSwiftPackageReference "firebase-ios-sdk" */;
			productName = FirebaseAuth;
		};
		D9723BFB2DFDB2BA0075DBC1 /* FirebaseCore */ = {
			isa = XCSwiftPackageProductDependency;
			package = D9723BF42DFDB2BA0075DBC1 /* XCRemoteSwiftPackageReference "firebase-ios-sdk" */;
			productName = FirebaseCore;
		};
		D97904F72DFF4B6700A42B1F /* FirebaseFirestore */ = {
			isa = XCSwiftPackageProductDependency;
			package = D9723BF42DFDB2BA0075DBC1 /* XCRemoteSwiftPackageReference "firebase-ios-sdk" */;
			productName = FirebaseFirestore;
		};
		D9935A2B2E077A9800056DB7 /* Stripe */ = {
			isa = XCSwiftPackageProductDependency;
			package = D9935A2A2E077A9800056DB7 /* XCRemoteSwiftPackageReference "stripe-ios" */;
			productName = Stripe;
		};
		D9935A2D2E077A9800056DB7 /* StripeApplePay */ = {
			isa = XCSwiftPackageProductDependency;
			package = D9935A2A2E077A9800056DB7 /* XCRemoteSwiftPackageReference "stripe-ios" */;
			productName = StripeApplePay;
		};
		D9935A2F2E077A9800056DB7 /* StripeConnect */ = {
			isa = XCSwiftPackageProductDependency;
			package = D9935A2A2E077A9800056DB7 /* XCRemoteSwiftPackageReference "stripe-ios" */;
			productName = StripeConnect;
		};
		D9935A312E077A9800056DB7 /* StripePaymentSheet */ = {
			isa = XCSwiftPackageProductDependency;
			package = D9935A2A2E077A9800056DB7 /* XCRemoteSwiftPackageReference "stripe-ios" */;
			productName = StripePaymentSheet;
		};
		D9935A332E077A9800056DB7 /* StripePayments */ = {
			isa = XCSwiftPackageProductDependency;
			package = D9935A2A2E077A9800056DB7 /* XCRemoteSwiftPackageReference "stripe-ios" */;
			productName = StripePayments;
		};
		D9935A352E077A9800056DB7 /* StripePaymentsUI */ = {
			isa = XCSwiftPackageProductDependency;
			package = D9935A2A2E077A9800056DB7 /* XCRemoteSwiftPackageReference "stripe-ios" */;
			productName = StripePaymentsUI;
		};
/* End XCSwiftPackageProductDependency section */
	};
	rootObject = D9A571DC2DF9C6A900C04006 /* Project object */;
}
