// !$*UTF8*$!
{
	archiveVersion = 1;
	classes = {
	};
	objectVersion = 77;
	objects = {

/* Begin PBXBuildFile section */
		8B2D68F02E4160F20043BDBE /* FirebaseAI in Frameworks */ = {isa = PBXBuildFile; productRef = 8B2D68EF2E4160F20043BDBE /* FirebaseAI */; };
		8B2D68F22E4160F20043BDBE /* FirebaseAnalyticsCore in Frameworks */ = {isa = PBXBuildFile; productRef = 8B2D68F12E4160F20043BDBE /* FirebaseAnalyticsCore */; };
		8B2D68F42E4160F20043BDBE /* FirebaseAppDistribution-Beta in Frameworks */ = {isa = PBXBuildFile; productRef = 8B2D68F32E4160F20043BDBE /* FirebaseAppDistribution-Beta */; };
		8B2D68F62E4160F20043BDBE /* FirebaseAuthCombine-Community in Frameworks */ = {isa = PBXBuildFile; productRef = 8B2D68F52E4160F20043BDBE /* FirebaseAuthCombine-Community */; };
		8B2D68F82E4160F20043BDBE /* FirebaseDatabase in Frameworks */ = {isa = PBXBuildFile; productRef = 8B2D68F72E4160F20043BDBE /* FirebaseDatabase */; };
		8B2D68FA2E4160F20043BDBE /* FirebaseFunctions in Frameworks */ = {isa = PBXBuildFile; productRef = 8B2D68F92E4160F20043BDBE /* FirebaseFunctions */; };
		8B2D68FC2E4160F20043BDBE /* FirebaseInAppMessaging-Beta in Frameworks */ = {isa = PBXBuildFile; productRef = 8B2D68FB2E4160F20043BDBE /* FirebaseInAppMessaging-Beta */; };
		8B2D68FE2E4160F20043BDBE /* FirebaseStorage in Frameworks */ = {isa = PBXBuildFile; productRef = 8B2D68FD2E4160F20043BDBE /* FirebaseStorage */; };
		8BC309DD2E55386A00CCD3E0 /* server.js in Resources */ = {isa = PBXBuildFile; fileRef = 8BC309DC2E55385C00CCD3E0 /* server.js */; };
		D917BFB62E04AEB900F44272 /* GoogleSignIn in Frameworks */ = {isa = PBXBuildFile; productRef = D917BFB52E04AEB900F44272 /* GoogleSignIn */; };
		D917BFB82E04AEB900F44272 /* GoogleSignInSwift in Frameworks */ = {isa = PBXBuildFile; productRef = D917BFB72E04AEB900F44272 /* GoogleSignInSwift */; };
		D9723BF62DFDB2BA0075DBC1 /* FirebaseAnalytics in Frameworks */ = {isa = PBXBuildFile; productRef = D9723BF52DFDB2BA0075DBC1 /* FirebaseAnalytics */; };
		D9723BF82DFDB2BA0075DBC1 /* FirebaseAppCheck in Frameworks */ = {isa = PBXBuildFile; productRef = D9723BF72DFDB2BA0075DBC1 /* FirebaseAppCheck */; };
		D9723BFA2DFDB2BA0075DBC1 /* FirebaseAuth in Frameworks */ = {isa = PBXBuildFile; productRef = D9723BF92DFDB2BA0075DBC1 /* FirebaseAuth */; };
		D9723BFC2DFDB2BA0075DBC1 /* FirebaseCore in Frameworks */ = {isa = PBXBuildFile; productRef = D9723BFB2DFDB2BA0075DBC1 /* FirebaseCore */; };
		D97904F82DFF4B6700A42B1F /* FirebaseFirestore in Frameworks */ = {isa = PBXBuildFile; productRef = D97904F72DFF4B6700A42B1F /* FirebaseFirestore */; };
		D9935A2C2E077A9800056DB7 /* Stripe in Frameworks */ = {isa = PBXBuildFile; productRef = D9935A2B2E077A9800056DB7 /* Stripe */; };
		D9935A2E2E077A9800056DB7 /* StripeApplePay in Frameworks */ = {isa = PBXBuildFile; productRef = D9935A2D2E077A9800056DB7 /* StripeApplePay */; };
		D9935A302E077A9800056DB7 /* StripeConnect in Frameworks */ = {isa = PBXBuildFile; productRef = D9935A2F2E077A9800056DB7 /* StripeConnect */; };
		D9935A322E077A9800056DB7 /* StripePaymentSheet in Frameworks */ = {isa = PBXBuildFile; productRef = D9935A312E077A9800056DB7 /* StripePaymentSheet */; };
		D9935A342E077A9800056DB7 /* StripePayments in Frameworks */ = {isa = PBXBuildFile; productRef = D9935A332E077A9800056DB7 /* StripePayments */; };
		D9935A362E077A9800056DB7 /* StripePaymentsUI in Frameworks */ = {isa = PBXBuildFile; productRef = D9935A352E077A9800056DB7 /* StripePaymentsUI */; };
/* End PBXBuildFile section */

/* Begin PBXContainerItemProxy section */
		D9A571F32DF9C6AB00C04006 /* PBXContainerItemProxy */ = {
			isa = PBXContainerItemProxy;
			containerPortal = D9A571DC2DF9C6A900C04006 /* Project object */;
			proxyType = 1;
			remoteGlobalIDString = D9A571E32DF9C6A900C04006;
			remoteInfo = RydrPlayground;
		};
		D9A571FD2DF9C6AB00C04006 /* PBXContainerItemProxy */ = {
			isa = PBXContainerItemProxy;
			containerPortal = D9A571DC2DF9C6A900C04006 /* Project object */;
			proxyType = 1;
			remoteGlobalIDString = D9A571E32DF9C6A900C04006;
			remoteInfo = RydrPlayground;
		};
/* End PBXContainerItemProxy section */

/* Begin PBXFileReference section */
		8BC309DC2E55385C00CCD3E0 /* server.js */ = {isa = PBXFileReference; lastKnownFileType = sourcecode.javascript; path = server.js; sourceTree = "<group>"; };
		D9A571E42DF9C6A900C04006 /* RydrPlayground.app */ = {isa = PBXFileReference; explicitFileType = wrapper.application; includeInIndex = 0; path = RydrPlayground.app; sourceTree = BUILT_PRODUCTS_DIR; };
		D9A571F22DF9C6AB00C04006 /* RydrPlaygroundTests.xctest */ = {isa = PBXFileReference; explicitFileType = wrapper.cfbundle; includeInIndex = 0; path = RydrPlaygroundTests.xctest; sourceTree = BUILT_PRODUCTS_DIR; };
		D9A571FC2DF9C6AB00C04006 /* RydrPlaygroundUITests.xctest */ = {isa = PBXFileReference; explicitFileType = wrapper.cfbundle; includeInIndex = 0; path = RydrPlaygroundUITests.xctest; sourceTree = BUILT_PRODUCTS_DIR; };
/* End PBXFileReference section */

/* Begin PBXFileSystemSynchronizedBuildFileExceptionSet section */
		8BC309D32E538EF400CCD3E0 /* Exceptions for "Core" folder in "RydrPlaygroundTests" target */ = {
			isa = PBXFileSystemSynchronizedBuildFileExceptionSet;
			membershipExceptions = (
				"View+Extension.swift",
			);
			target = D9A571F12DF9C6AB00C04006 /* RydrPlaygroundTests */;
		};
		8BC309D42E538EF400CCD3E0 /* Exceptions for "Core" folder in "RydrPlaygroundUITests" target */ = {
			isa = PBXFileSystemSynchronizedBuildFileExceptionSet;
			membershipExceptions = (
				"View+Extension.swift",
			);
			target = D9A571FB2DF9C6AB00C04006 /* RydrPlaygroundUITests */;
		};
		8BC309D52E538FA000CCD3E0 /* Exceptions for "Features" folder in "RydrPlaygroundTests" target */ = {
			isa = PBXFileSystemSynchronizedBuildFileExceptionSet;
			membershipExceptions = (
				Auth/PhoneVerificationView.swift,
				SignUp/AddressInfoView.swift,
				SignUp/EmailAndPasswordView.swift,
				SignUp/NameEntryView.swift,
				SignUp/SignupCoordinator.swift,
				SignUp/TermsAndVerificationView.swift,
			);
			target = D9A571F12DF9C6AB00C04006 /* RydrPlaygroundTests */;
		};
		8BC309D62E538FA000CCD3E0 /* Exceptions for "Features" folder in "RydrPlaygroundUITests" target */ = {
			isa = PBXFileSystemSynchronizedBuildFileExceptionSet;
			membershipExceptions = (
				Auth/PhoneVerificationView.swift,
				SignUp/AddressInfoView.swift,
				SignUp/EmailAndPasswordView.swift,
				SignUp/NameEntryView.swift,
				SignUp/SignupCoordinator.swift,
				SignUp/TermsAndVerificationView.swift,
			);
			target = D9A571FB2DF9C6AB00C04006 /* RydrPlaygroundUITests */;
		};
		D9723BF22DFDB1F20075DBC1 /* Exceptions for "RydrPlaygroundUITests" folder in "RydrPlayground" target */ = {
			isa = PBXFileSystemSynchronizedBuildFileExceptionSet;
			membershipExceptions = (
				"GoogleService-Info.plist",
			);
			target = D9A571E32DF9C6A900C04006 /* RydrPlayground */;
		};
		D9723BF32DFDB1F20075DBC1 /* Exceptions for "RydrPlaygroundUITests" folder in "RydrPlaygroundTests" target */ = {
			isa = PBXFileSystemSynchronizedBuildFileExceptionSet;
			membershipExceptions = (
				"GoogleService-Info.plist",
			);
			target = D9A571F12DF9C6AB00C04006 /* RydrPlaygroundTests */;
		};
		D97904F62DFF482900A42B1F /* Exceptions for "RydrPlayground" folder in "RydrPlayground" target */ = {
			isa = PBXFileSystemSynchronizedBuildFileExceptionSet;
			membershipExceptions = (
				Info.plist,
			);
			target = D9A571E32DF9C6A900C04006 /* RydrPlayground */;
		};
/* End PBXFileSystemSynchronizedBuildFileExceptionSet section */

/* Begin PBXFileSystemSynchronizedRootGroup section */
		8BC309C82E538CA400CCD3E0 /* App */ = {
			isa = PBXFileSystemSynchronizedRootGroup;
			path = App;
			sourceTree = "<group>";
		};
		8BC309C92E538CB000CCD3E0 /* Core */ = {
			isa = PBXFileSystemSynchronizedRootGroup;
			exceptions = (
				8BC309D32E538EF400CCD3E0 /* Exceptions for "Core" folder in "RydrPlaygroundTests" target */,
				8BC309D42E538EF400CCD3E0 /* Exceptions for "Core" folder in "RydrPlaygroundUITests" target */,
			);
			path = Core;
			sourceTree = "<group>";
		};
		8BC309CA2E538CBB00CCD3E0 /* SharedUI */ = {
			isa = PBXFileSystemSynchronizedRootGroup;
			path = SharedUI;
			sourceTree = "<group>";
		};
		8BC309CB2E538CD300CCD3E0 /* Features */ = {
			isa = PBXFileSystemSynchronizedRootGroup;
			exceptions = (
				8BC309D52E538FA000CCD3E0 /* Exceptions for "Features" folder in "RydrPlaygroundTests" target */,
				8BC309D62E538FA000CCD3E0 /* Exceptions for "Features" folder in "RydrPlaygroundUITests" target */,
			);
			path = Features;
			sourceTree = "<group>";
		};
		D9A571E62DF9C6A900C04006 /* RydrPlayground */ = {
			isa = PBXFileSystemSynchronizedRootGroup;
			exceptions = (
				D97904F62DFF482900A42B1F /* Exceptions for "RydrPlayground" folder in "RydrPlayground" target */,
			);
			path = RydrPlayground;
			sourceTree = "<group>";
		};
		D9A571F52DF9C6AB00C04006 /* RydrPlaygroundTests */ = {
			isa = PBXFileSystemSynchronizedRootGroup;
			path = RydrPlaygroundTests;
			sourceTree = "<group>";
		};
		D9A571FF2DF9C6AB00C04006 /* RydrPlaygroundUITests */ = {
			isa = PBXFileSystemSynchronizedRootGroup;
			exceptions = (
				D9723BF22DFDB1F20075DBC1 /* Exceptions for "RydrPlaygroundUITests" folder in "RydrPlayground" target */,
				D9723BF32DFDB1F20075DBC1 /* Exceptions for "RydrPlaygroundUITests" folder in "RydrPlaygroundTests" target */,
			);
			path = RydrPlaygroundUITests;
			sourceTree = "<group>";
		};
/* End PBXFileSystemSynchronizedRootGroup section */

/* Begin PBXFrameworksBuildPhase section */
		D9A571E12DF9C6A900C04006 /* Frameworks */ = {
			isa = PBXFrameworksBuildPhase;
			buildActionMask = 2147483647;
			files = (
				D9723BF82DFDB2BA0075DBC1 /* FirebaseAppCheck in Frameworks */,
				D9723BFA2DFDB2BA0075DBC1 /* FirebaseAuth in Frameworks */,
				D917BFB82E04AEB900F44272 /* GoogleSignInSwift in Frameworks */,
				8B2D68F62E4160F20043BDBE /* FirebaseAuthCombine-Community in Frameworks */,
				D9935A2E2E077A9800056DB7 /* StripeApplePay in Frameworks */,
				D9935A302E077A9800056DB7 /* StripeConnect in Frameworks */,
				8B2D68F82E4160F20043BDBE /* FirebaseDatabase in Frameworks */,
				D9723BFC2DFDB2BA0075DBC1 /* FirebaseCore in Frameworks */,
				D9935A342E077A9800056DB7 /* StripePayments in Frameworks */,
				8B2D68F42E4160F20043BDBE /* FirebaseAppDistribution-Beta in Frameworks */,
				8B2D68FA2E4160F20043BDBE /* FirebaseFunctions in Frameworks */,
				8B2D68FE2E4160F20043BDBE /* FirebaseStorage in Frameworks */,
				8B2D68F22E4160F20043BDBE /* FirebaseAnalyticsCore in Frameworks */,
				8B2D68F02E4160F20043BDBE /* FirebaseAI in Frameworks */,
				D97904F82DFF4B6700A42B1F /* FirebaseFirestore in Frameworks */,
				D9935A2C2E077A9800056DB7 /* Stripe in Frameworks */,
				D9723BF62DFDB2BA0075DBC1 /* FirebaseAnalytics in Frameworks */,
				D9935A322E077A9800056DB7 /* StripePaymentSheet in Frameworks */,
				D9935A362E077A9800056DB7 /* StripePaymentsUI in Frameworks */,
				D917BFB62E04AEB900F44272 /* GoogleSignIn in Frameworks */,
				8B2D68FC2E4160F20043BDBE /* FirebaseInAppMessaging-Beta in Frameworks */,
			);
			runOnlyForDeploymentPostprocessing = 0;
		};
		D9A571EF2DF9C6AB00C04006 /* Frameworks */ = {
			isa = PBXFrameworksBuildPhase;
			buildActionMask = 2147483647;
			files = (
			);
			runOnlyForDeploymentPostprocessing = 0;
		};
		D9A571F92DF9C6AB00C04006 /* Frameworks */ = {
			isa = PBXFrameworksBuildPhase;
			buildActionMask = 2147483647;
			files = (
			);
			runOnlyForDeploymentPostprocessing = 0;
		};
/* End PBXFrameworksBuildPhase section */

/* Begin PBXGroup section */
		D9A571DB2DF9C6A900C04006 = {
			isa = PBXGroup;
			children = (
				8BC309DC2E55385C00CCD3E0 /* server.js */,
				8BC309CB2E538CD300CCD3E0 /* Features */,
				8BC309CA2E538CBB00CCD3E0 /* SharedUI */,
				8BC309C92E538CB000CCD3E0 /* Core */,
				8BC309C82E538CA400CCD3E0 /* App */,
				D9A571E62DF9C6A900C04006 /* RydrPlayground */,
				D9A571F52DF9C6AB00C04006 /* RydrPlaygroundTests */,
				D9A571FF2DF9C6AB00C04006 /* RydrPlaygroundUITests */,
				D9A571E52DF9C6A900C04006 /* Products */,
			);
			sourceTree = "<group>";
		};
		D9A571E52DF9C6A900C04006 /* Products */ = {
			isa = PBXGroup;
			children = (
				D9A571E42DF9C6A900C04006 /* RydrPlayground.app */,
				D9A571F22DF9C6AB00C04006 /* RydrPlaygroundTests.xctest */,
				D9A571FC2DF9C6AB00C04006 /* RydrPlaygroundUITests.xctest */,
			);
			name = Products;
			sourceTree = "<group>";
		};
/* End PBXGroup section */

/* Begin PBXNativeTarget section */
		D9A571E32DF9C6A900C04006 /* RydrPlayground */ = {
			isa = PBXNativeTarget;
			buildConfigurationList = D9A572062DF9C6AB00C04006 /* Build configuration list for PBXNativeTarget "RydrPlayground" */;
			buildPhases = (
				D9A571E02DF9C6A900C04006 /* Sources */,
				D9A571E12DF9C6A900C04006 /* Frameworks */,
				D9A571E22DF9C6A900C04006 /* Resources */,
			);
			buildRules = (
			);
			dependencies = (
			);
			fileSystemSynchronizedGroups = (
				8BC309C82E538CA400CCD3E0 /* App */,
				8BC309C92E538CB000CCD3E0 /* Core */,
				8BC309CA2E538CBB00CCD3E0 /* SharedUI */,
				8BC309CB2E538CD300CCD3E0 /* Features */,
				D9A571E62DF9C6A900C04006 /* RydrPlayground */,
			);
			name = RydrPlayground;
			packageProductDependencies = (
				D9723BF52DFDB2BA0075DBC1 /* FirebaseAnalytics */,
				D9723BF72DFDB2BA0075DBC1 /* FirebaseAppCheck */,
				D9723BF92DFDB2BA0075DBC1 /* FirebaseAuth */,
				D9723BFB2DFDB2BA0075DBC1 /* FirebaseCore */,
				D97904F72DFF4B6700A42B1F /* FirebaseFirestore */,
				D917BFB52E04AEB900F44272 /* GoogleSignIn */,
				D917BFB72E04AEB900F44272 /* GoogleSignInSwift */,
				D9935A2B2E077A9800056DB7 /* Stripe */,
				D9935A2D2E077A9800056DB7 /* StripeApplePay */,
				D9935A2F2E077A9800056DB7 /* StripeConnect */,
				D9935A312E077A9800056DB7 /* StripePaymentSheet */,
				D9935A332E077A9800056DB7 /* StripePayments */,
				D9935A352E077A9800056DB7 /* StripePaymentsUI */,
				8B2D68EF2E4160F20043BDBE /* FirebaseAI */,
				8B2D68F12E4160F20043BDBE /* FirebaseAnalyticsCore */,
				8B2D68F32E4160F20043BDBE /* FirebaseAppDistribution-Beta */,
				8B2D68F52E4160F20043BDBE /* FirebaseAuthCombine-Community */,
				8B2D68F72E4160F20043BDBE /* FirebaseDatabase */,
				8B2D68F92E4160F20043BDBE /* FirebaseFunctions */,
				8B2D68FB2E4160F20043BDBE /* FirebaseInAppMessaging-Beta */,
				8B2D68FD2E4160F20043BDBE /* FirebaseStorage */,
			);
			productName = RydrPlayground;
			productReference = D9A571E42DF9C6A900C04006 /* RydrPlayground.app */;
			productType = "com.apple.product-type.application";
		};
		D9A571F12DF9C6AB00C04006 /* RydrPlaygroundTests */ = {
			isa = PBXNativeTarget;
			buildConfigurationList = D9A572092DF9C6AB00C04006 /* Build configuration list for PBXNativeTarget "RydrPlaygroundTests" */;
			buildPhases = (
				D9A571EE2DF9C6AB00C04006 /* Sources */,
				D9A571EF2DF9C6AB00C04006 /* Frameworks */,
				D9A571F02DF9C6AB00C04006 /* Resources */,
			);
			buildRules = (
			);
			dependencies = (
				D9A571F42DF9C6AB00C04006 /* PBXTargetDependency */,
			);
			fileSystemSynchronizedGroups = (
				D9A571F52DF9C6AB00C04006 /* RydrPlaygroundTests */,
			);
			name = RydrPlaygroundTests;
			packageProductDependencies = (
			);
			productName = RydrPlaygroundTests;
			productReference = D9A571F22DF9C6AB00C04006 /* RydrPlaygroundTests.xctest */;
			productType = "com.apple.product-type.bundle.unit-test";
		};
		D9A571FB2DF9C6AB00C04006 /* RydrPlaygroundUITests */ = {
			isa = PBXNativeTarget;
			buildConfigurationList = D9A5720C2DF9C6AB00C04006 /* Build configuration list for PBXNativeTarget "RydrPlaygroundUITests" */;
			buildPhases = (
				D9A571F82DF9C6AB00C04006 /* Sources */,
				D9A571F92DF9C6AB00C04006 /* Frameworks */,
				D9A571FA2DF9C6AB00C04006 /* Resources */,
			);
			buildRules = (
			);
			dependencies = (
				D9A571FE2DF9C6AB00C04006 /* PBXTargetDependency */,
			);
			fileSystemSynchronizedGroups = (
				D9A571FF2DF9C6AB00C04006 /* RydrPlaygroundUITests */,
			);
			name = RydrPlaygroundUITests;
			packageProductDependencies = (
			);
			productName = RydrPlaygroundUITests;
			productReference = D9A571FC2DF9C6AB00C04006 /* RydrPlaygroundUITests.xctest */;
			productType = "com.apple.product-type.bundle.ui-testing";
		};
/* End PBXNativeTarget section */

/* Begin PBXProject section */
		D9A571DC2DF9C6A900C04006 /* Project object */ = {
			isa = PBXProject;
			attributes = {
				BuildIndependentTargetsInParallel = 1;
				LastSwiftUpdateCheck = 1640;
				LastUpgradeCheck = 1640;
				TargetAttributes = {
					D9A571E32DF9C6A900C04006 = {
						CreatedOnToolsVersion = 16.4;
					};
					D9A571F12DF9C6AB00C04006 = {
						CreatedOnToolsVersion = 16.4;
						TestTargetID = D9A571E32DF9C6A900C04006;
					};
					D9A571FB2DF9C6AB00C04006 = {
						CreatedOnToolsVersion = 16.4;
						TestTargetID = D9A571E32DF9C6A900C04006;
					};
				};
			};
			buildConfigurationList = D9A571DF2DF9C6A900C04006 /* Build configuration list for PBXProject "RydrPlayground" */;
			developmentRegion = en;
			hasScannedForEncodings = 0;
			knownRegions = (
				en,
				Base,
			);
			mainGroup = D9A571DB2DF9C6A900C04006;
			minimizedProjectReferenceProxies = 1;
			packageReferences = (
				D9723BF42DFDB2BA0075DBC1 /* XCRemoteSwiftPackageReference "firebase-ios-sdk" */,
				D917BFB42E04AEB900F44272 /* XCRemoteSwiftPackageReference "GoogleSignIn-iOS" */,
				D9935A2A2E077A9800056DB7 /* XCRemoteSwiftPackageReference "stripe-ios" */,
			);
			preferredProjectObjectVersion = 77;
			productRefGroup = D9A571E52DF9C6A900C04006 /* Products */;
			projectDirPath = "";
			projectRoot = "";
			targets = (
				D9A571E32DF9C6A900C04006 /* RydrPlayground */,
				D9A571F12DF9C6AB00C04006 /* RydrPlaygroundTests */,
				D9A571FB2DF9C6AB00C04006 /* RydrPlaygroundUITests */,
			);
		};
/* End PBXProject section */

/* Begin PBXResourcesBuildPhase section */
		D9A571E22DF9C6A900C04006 /* Resources */ = {
			isa = PBXResourcesBuildPhase;
			buildActionMask = 2147483647;
			files = (
				8BC309DD2E55386A00CCD3E0 /* server.js in Resources */,
			);
			runOnlyForDeploymentPostprocessing = 0;
		};
		D9A571F02DF9C6AB00C04006 /* Resources */ = {
			isa = PBXResourcesBuildPhase;
			buildActionMask = 2147483647;
			files = (
			);
			runOnlyForDeploymentPostprocessing = 0;
		};
		D9A571FA2DF9C6AB00C04006 /* Resources */ = {
			isa = PBXResourcesBuildPhase;
			buildActionMask = 2147483647;
			files = (
			);
			runOnlyForDeploymentPostprocessing = 0;
		};
/* End PBXResourcesBuildPhase section */

/* Begin PBXSourcesBuildPhase section */
		D9A571E02DF9C6A900C04006 /* Sources */ = {
			isa = PBXSourcesBuildPhase;
			buildActionMask = 2147483647;
			files = (
			);
			runOnlyForDeploymentPostprocessing = 0;
		};
		D9A571EE2DF9C6AB00C04006 /* Sources */ = {
			isa = PBXSourcesBuildPhase;
			buildActionMask = 2147483647;
			files = (
			);
			runOnlyForDeploymentPostprocessing = 0;
		};
		D9A571F82DF9C6AB00C04006 /* Sources */ = {
			isa = PBXSourcesBuildPhase;
			buildActionMask = 2147483647;
			files = (
			);
			runOnlyForDeploymentPostprocessing = 0;
		};
/* End PBXSourcesBuildPhase section */

/* Begin PBXTargetDependency section */
		D9A571F42DF9C6AB00C04006 /* PBXTargetDependency */ = {
			isa = PBXTargetDependency;
			target = D9A571E32DF9C6A900C04006 /* RydrPlayground */;
			targetProxy = D9A571F32DF9C6AB00C04006 /* PBXContainerItemProxy */;
		};
		D9A571FE2DF9C6AB00C04006 /* PBXTargetDependency */ = {
			isa = PBXTargetDependency;
			target = D9A571E32DF9C6A900C04006 /* RydrPlayground */;
			targetProxy = D9A571FD2DF9C6AB00C04006 /* PBXContainerItemProxy */;
		};
/* End PBXTargetDependency section */

/* Begin XCBuildConfiguration section */
		D9A572042DF9C6AB00C04006 /* Debug */ = {
			isa = XCBuildConfiguration;
			buildSettings = {
				ALWAYS_SEARCH_USER_PATHS = NO;
				ASSETCATALOG_COMPILER_GENERATE_SWIFT_ASSET_SYMBOL_EXTENSIONS = YES;
				CLANG_ANALYZER_NONNULL = YES;
				CLANG_ANALYZER_NUMBER_OBJECT_CONVERSION = YES_AGGRESSIVE;
				CLANG_CXX_LANGUAGE_STANDARD = "gnu++20";
				CLANG_ENABLE_MODULES = YES;
				CLANG_ENABLE_OBJC_ARC = YES;
				CLANG_ENABLE_OBJC_WEAK = YES;
				CLANG_WARN_BLOCK_CAPTURE_AUTORELEASING = YES;
				CLANG_WARN_BOOL_CONVERSION = YES;
				CLANG_WARN_COMMA = YES;
				CLANG_WARN_CONSTANT_CONVERSION = YES;
				CLANG_WARN_DEPRECATED_OBJC_IMPLEMENTATIONS = YES;
				CLANG_WARN_DIRECT_OBJC_ISA_USAGE = YES_ERROR;
				CLANG_WARN_DOCUMENTATION_COMMENTS = YES;
				CLANG_WARN_EMPTY_BODY = YES;
				CLANG_WARN_ENUM_CONVERSION = YES;
				CLANG_WARN_INFINITE_RECURSION = YES;
				CLANG_WARN_INT_CONVERSION = YES;
				CLANG_WARN_NON_LITERAL_NULL_CONVERSION = YES;
				CLANG_WARN_OBJC_IMPLICIT_RETAIN_SELF = YES;
				CLANG_WARN_OBJC_LITERAL_CONVERSION = YES;
				CLANG_WARN_OBJC_ROOT_CLASS = YES_ERROR;
				CLANG_WARN_QUOTED_INCLUDE_IN_FRAMEWORK_HEADER = YES;
				CLANG_WARN_RANGE_LOOP_ANALYSIS = YES;
				CLANG_WARN_STRICT_PROTOTYPES = YES;
				CLANG_WARN_SUSPICIOUS_MOVE = YES;
				CLANG_WARN_UNGUARDED_AVAILABILITY = YES_AGGRESSIVE;
				CLANG_WARN_UNREACHABLE_CODE = YES;
				CLANG_WARN__DUPLICATE_METHOD_MATCH = YES;
				COPY_PHASE_STRIP = NO;
				DEBUG_INFORMATION_FORMAT = dwarf;
				ENABLE_STRICT_OBJC_MSGSEND = YES;
				ENABLE_TESTABILITY = YES;
				ENABLE_USER_SCRIPT_SANDBOXING = YES;
				GCC_C_LANGUAGE_STANDARD = gnu17;
				GCC_DYNAMIC_NO_PIC = NO;
				GCC_NO_COMMON_BLOCKS = YES;
				GCC_OPTIMIZATION_LEVEL = 0;
				GCC_PREPROCESSOR_DEFINITIONS = (
					"DEBUG=1",
					"$(inherited)",
				);
				GCC_WARN_64_TO_32_BIT_CONVERSION = YES;
				GCC_WARN_ABOUT_RETURN_TYPE = YES_ERROR;
				GCC_WARN_UNDECLARED_SELECTOR = YES;
				GCC_WARN_UNINITIALIZED_AUTOS = YES_AGGRESSIVE;
				GCC_WARN_UNUSED_FUNCTION = YES;
				GCC_WARN_UNUSED_VARIABLE = YES;
				LOCALIZATION_PREFERS_STRING_CATALOGS = YES;
				MTL_ENABLE_DEBUG_INFO = INCLUDE_SOURCE;
				MTL_FAST_MATH = YES;
				ONLY_ACTIVE_ARCH = YES;
				SWIFT_ACTIVE_COMPILATION_CONDITIONS = "DEBUG $(inherited)";
				SWIFT_OPTIMIZATION_LEVEL = "-Onone";
			};
			name = Debug;
		};
		D9A572052DF9C6AB00C04006 /* Release */ = {
			isa = XCBuildConfiguration;
			buildSettings = {
				ALWAYS_SEARCH_USER_PATHS = NO;
				ASSETCATALOG_COMPILER_GENERATE_SWIFT_ASSET_SYMBOL_EXTENSIONS = YES;
				CLANG_ANALYZER_NONNULL = YES;
				CLANG_ANALYZER_NUMBER_OBJECT_CONVERSION = YES_AGGRESSIVE;
				CLANG_CXX_LANGUAGE_STANDARD = "gnu++20";
				CLANG_ENABLE_MODULES = YES;
				CLANG_ENABLE_OBJC_ARC = YES;
				CLANG_ENABLE_OBJC_WEAK = YES;
				CLANG_WARN_BLOCK_CAPTURE_AUTORELEASING = YES;
				CLANG_WARN_BOOL_CONVERSION = YES;
				CLANG_WARN_COMMA = YES;
				CLANG_WARN_CONSTANT_CONVERSION = YES;
				CLANG_WARN_DEPRECATED_OBJC_IMPLEMENTATIONS = YES;
				CLANG_WARN_DIRECT_OBJC_ISA_USAGE = YES_ERROR;
				CLANG_WARN_DOCUMENTATION_COMMENTS = YES;
				CLANG_WARN_EMPTY_BODY = YES;
				CLANG_WARN_ENUM_CONVERSION = YES;
				CLANG_WARN_INFINITE_RECURSION = YES;
				CLANG_WARN_INT_CONVERSION = YES;
				CLANG_WARN_NON_LITERAL_NULL_CONVERSION = YES;
				CLANG_WARN_OBJC_IMPLICIT_RETAIN_SELF = YES;
				CLANG_WARN_OBJC_LITERAL_CONVERSION = YES;
				CLANG_WARN_OBJC_ROOT_CLASS = YES_ERROR;
				CLANG_WARN_QUOTED_INCLUDE_IN_FRAMEWORK_HEADER = YES;
				CLANG_WARN_RANGE_LOOP_ANALYSIS = YES;
				CLANG_WARN_STRICT_PROTOTYPES = YES;
				CLANG_WARN_SUSPICIOUS_MOVE = YES;
				CLANG_WARN_UNGUARDED_AVAILABILITY = YES_AGGRESSIVE;
				CLANG_WARN_UNREACHABLE_CODE = YES;
				CLANG_WARN__DUPLICATE_METHOD_MATCH = YES;
				COPY_PHASE_STRIP = NO;
				DEBUG_INFORMATION_FORMAT = "dwarf-with-dsym";
				ENABLE_NS_ASSERTIONS = NO;
				ENABLE_STRICT_OBJC_MSGSEND = YES;
				ENABLE_USER_SCRIPT_SANDBOXING = YES;
				GCC_C_LANGUAGE_STANDARD = gnu17;
				GCC_NO_COMMON_BLOCKS = YES;
				GCC_WARN_64_TO_32_BIT_CONVERSION = YES;
				GCC_WARN_ABOUT_RETURN_TYPE = YES_ERROR;
				GCC_WARN_UNDECLARED_SELECTOR = YES;
				GCC_WARN_UNINITIALIZED_AUTOS = YES_AGGRESSIVE;
				GCC_WARN_UNUSED_FUNCTION = YES;
				GCC_WARN_UNUSED_VARIABLE = YES;
				LOCALIZATION_PREFERS_STRING_CATALOGS = YES;
				MTL_ENABLE_DEBUG_INFO = NO;
				MTL_FAST_MATH = YES;
				SWIFT_COMPILATION_MODE = wholemodule;
			};
			name = Release;
		};
		D9A572072DF9C6AB00C04006 /* Debug */ = {
			isa = XCBuildConfiguration;
			buildSettings = {
				ASSETCATALOG_COMPILER_APPICON_NAME = AppIcon;
				ASSETCATALOG_COMPILER_GLOBAL_ACCENT_COLOR_NAME = AccentColor;
				CODE_SIGN_ENTITLEMENTS = RydrPlayground/RydrPlayground.entitlements;
				CODE_SIGN_STYLE = Automatic;
				CURRENT_PROJECT_VERSION = 1;
				DEVELOPMENT_TEAM = JMYJTGCAYG;
				ENABLE_PREVIEWS = YES;
				GENERATE_INFOPLIST_FILE = YES;
				INFOPLIST_FILE = RydrPlayground/Info.plist;
				"INFOPLIST_KEY_UIApplicationSceneManifest_Generation[sdk=iphoneos*]" = YES;
				"INFOPLIST_KEY_UIApplicationSceneManifest_Generation[sdk=iphonesimulator*]" = YES;
				"INFOPLIST_KEY_UIApplicationSupportsIndirectInputEvents[sdk=iphoneos*]" = YES;
				"INFOPLIST_KEY_UIApplicationSupportsIndirectInputEvents[sdk=iphonesimulator*]" = YES;
				"INFOPLIST_KEY_UILaunchScreen_Generation[sdk=iphoneos*]" = YES;
				"INFOPLIST_KEY_UILaunchScreen_Generation[sdk=iphonesimulator*]" = YES;
				"INFOPLIST_KEY_UIStatusBarStyle[sdk=iphoneos*]" = UIStatusBarStyleDefault;
				"INFOPLIST_KEY_UIStatusBarStyle[sdk=iphonesimulator*]" = UIStatusBarStyleDefault;
				INFOPLIST_KEY_UISupportedInterfaceOrientations_iPad = "UIInterfaceOrientationPortrait UIInterfaceOrientationPortraitUpsideDown UIInterfaceOrientationLandscapeLeft UIInterfaceOrientationLandscapeRight";
				INFOPLIST_KEY_UISupportedInterfaceOrientations_iPhone = "UIInterfaceOrientationPortrait UIInterfaceOrientationLandscapeLeft UIInterfaceOrientationLandscapeRight";
				IPHONEOS_DEPLOYMENT_TARGET = 18.5;
				LD_RUNPATH_SEARCH_PATHS = "@executable_path/Frameworks";
				"LD_RUNPATH_SEARCH_PATHS[sdk=macosx*]" = "@executable_path/../Frameworks";
				MACOSX_DEPLOYMENT_TARGET = 15.5;
				MARKETING_VERSION = 1.0;
				PRODUCT_BUNDLE_IDENTIFIER = com.khris.rydr.RydrPlayground;
				PRODUCT_NAME = "$(TARGET_NAME)";
				REGISTER_APP_GROUPS = YES;
				SDKROOT = auto;
				SUPPORTED_PLATFORMS = "iphoneos iphonesimulator macosx xros xrsimulator";
				SWIFT_EMIT_LOC_STRINGS = YES;
				SWIFT_VERSION = 5.0;
				TARGETED_DEVICE_FAMILY = "1,2,7";
				XROS_DEPLOYMENT_TARGET = 2.5;
			};
			name = Debug;
		};
		D9A572082DF9C6AB00C04006 /* Release */ = {
			isa = XCBuildConfiguration;
			buildSettings = {
				ASSETCATALOG_COMPILER_APPICON_NAME = AppIcon;
				ASSETCATALOG_COMPILER_GLOBAL_ACCENT_COLOR_NAME = AccentColor;
				CODE_SIGN_ENTITLEMENTS = RydrPlayground/RydrPlayground.entitlements;
				CODE_SIGN_STYLE = Automatic;
				CURRENT_PROJECT_VERSION = 1;
				DEVELOPMENT_TEAM = JMYJTGCAYG;
				ENABLE_PREVIEWS = YES;
				GENERATE_INFOPLIST_FILE = YES;
				INFOPLIST_FILE = RydrPlayground/Info.plist;
				"INFOPLIST_KEY_UIApplicationSceneManifest_Generation[sdk=iphoneos*]" = YES;
				"INFOPLIST_KEY_UIApplicationSceneManifest_Generation[sdk=iphonesimulator*]" = YES;
				"INFOPLIST_KEY_UIApplicationSupportsIndirectInputEvents[sdk=iphoneos*]" = YES;
				"INFOPLIST_KEY_UIApplicationSupportsIndirectInputEvents[sdk=iphonesimulator*]" = YES;
				"INFOPLIST_KEY_UILaunchScreen_Generation[sdk=iphoneos*]" = YES;
				"INFOPLIST_KEY_UILaunchScreen_Generation[sdk=iphonesimulator*]" = YES;
				"INFOPLIST_KEY_UIStatusBarStyle[sdk=iphoneos*]" = UIStatusBarStyleDefault;
				"INFOPLIST_KEY_UIStatusBarStyle[sdk=iphonesimulator*]" = UIStatusBarStyleDefault;
				INFOPLIST_KEY_UISupportedInterfaceOrientations_iPad = "UIInterfaceOrientationPortrait UIInterfaceOrientationPortraitUpsideDown UIInterfaceOrientationLandscapeLeft UIInterfaceOrientationLandscapeRight";
				INFOPLIST_KEY_UISupportedInterfaceOrientations_iPhone = "UIInterfaceOrientationPortrait UIInterfaceOrientationLandscapeLeft UIInterfaceOrientationLandscapeRight";
				IPHONEOS_DEPLOYMENT_TARGET = 18.5;
				LD_RUNPATH_SEARCH_PATHS = "@executable_path/Frameworks";
				"LD_RUNPATH_SEARCH_PATHS[sdk=macosx*]" = "@executable_path/../Frameworks";
				MACOSX_DEPLOYMENT_TARGET = 15.5;
				MARKETING_VERSION = 1.0;
				PRODUCT_BUNDLE_IDENTIFIER = com.khris.rydr.RydrPlayground;
				PRODUCT_NAME = "$(TARGET_NAME)";
				REGISTER_APP_GROUPS = YES;
				SDKROOT = auto;
				SUPPORTED_PLATFORMS = "iphoneos iphonesimulator macosx xros xrsimulator";
				SWIFT_EMIT_LOC_STRINGS = YES;
				SWIFT_VERSION = 5.0;
				TARGETED_DEVICE_FAMILY = "1,2,7";
				XROS_DEPLOYMENT_TARGET = 2.5;
			};
			name = Release;
		};
		D9A5720A2DF9C6AB00C04006 /* Debug */ = {
			isa = XCBuildConfiguration;
			buildSettings = {
				BUNDLE_LOADER = "$(TEST_HOST)";
				CODE_SIGN_STYLE = Automatic;
				CURRENT_PROJECT_VERSION = 1;
				GENERATE_INFOPLIST_FILE = YES;
				IPHONEOS_DEPLOYMENT_TARGET = 18.5;
				MACOSX_DEPLOYMENT_TARGET = 15.5;
				MARKETING_VERSION = 1.0;
				PRODUCT_BUNDLE_IDENTIFIER = com.khris.rydr.RydrPlaygroundTests;
				PRODUCT_NAME = "$(TARGET_NAME)";
				SDKROOT = auto;
				SUPPORTED_PLATFORMS = "iphoneos iphonesimulator macosx xros xrsimulator";
				SWIFT_EMIT_LOC_STRINGS = NO;
				SWIFT_VERSION = 5.0;
				TARGETED_DEVICE_FAMILY = "1,2,7";
				TEST_HOST = "$(BUILT_PRODUCTS_DIR)/RydrPlayground.app/$(BUNDLE_EXECUTABLE_FOLDER_PATH)/RydrPlayground";
				XROS_DEPLOYMENT_TARGET = 2.5;
			};
			name = Debug;
		};
		D9A5720B2DF9C6AB00C04006 /* Release */ = {
			isa = XCBuildConfiguration;
			buildSettings = {
				BUNDLE_LOADER = "$(TEST_HOST)";
				CODE_SIGN_STYLE = Automatic;
				CURRENT_PROJECT_VERSION = 1;
				GENERATE_INFOPLIST_FILE = YES;
				IPHONEOS_DEPLOYMENT_TARGET = 18.5;
				MACOSX_DEPLOYMENT_TARGET = 15.5;
				MARKETING_VERSION = 1.0;
				PRODUCT_BUNDLE_IDENTIFIER = com.khris.rydr.RydrPlaygroundTests;
				PRODUCT_NAME = "$(TARGET_NAME)";
				SDKROOT = auto;
				SUPPORTED_PLATFORMS = "iphoneos iphonesimulator macosx xros xrsimulator";
				SWIFT_EMIT_LOC_STRINGS = NO;
				SWIFT_VERSION = 5.0;
				TARGETED_DEVICE_FAMILY = "1,2,7";
				TEST_HOST = "$(BUILT_PRODUCTS_DIR)/RydrPlayground.app/$(BUNDLE_EXECUTABLE_FOLDER_PATH)/RydrPlayground";
				XROS_DEPLOYMENT_TARGET = 2.5;
			};
			name = Release;
		};
		D9A5720D2DF9C6AB00C04006 /* Debug */ = {
			isa = XCBuildConfiguration;
			buildSettings = {
				CODE_SIGN_STYLE = Automatic;
				CURRENT_PROJECT_VERSION = 1;
				GENERATE_INFOPLIST_FILE = YES;
				IPHONEOS_DEPLOYMENT_TARGET = 18.5;
				MACOSX_DEPLOYMENT_TARGET = 15.5;
				MARKETING_VERSION = 1.0;
				PRODUCT_BUNDLE_IDENTIFIER = com.khris.rydr.RydrPlaygroundUITests;
				PRODUCT_NAME = "$(TARGET_NAME)";
				SDKROOT = auto;
				SUPPORTED_PLATFORMS = "iphoneos iphonesimulator macosx xros xrsimulator";
				SWIFT_EMIT_LOC_STRINGS = NO;
				SWIFT_VERSION = 5.0;
				TARGETED_DEVICE_FAMILY = "1,2,7";
				TEST_TARGET_NAME = RydrPlayground;
				XROS_DEPLOYMENT_TARGET = 2.5;
			};
			name = Debug;
		};
		D9A5720E2DF9C6AB00C04006 /* Release */ = {
			isa = XCBuildConfiguration;
			buildSettings = {
				CODE_SIGN_STYLE = Automatic;
				CURRENT_PROJECT_VERSION = 1;
				GENERATE_INFOPLIST_FILE = YES;
				IPHONEOS_DEPLOYMENT_TARGET = 18.5;
				MACOSX_DEPLOYMENT_TARGET = 15.5;
				MARKETING_VERSION = 1.0;
				PRODUCT_BUNDLE_IDENTIFIER = com.khris.rydr.RydrPlaygroundUITests;
				PRODUCT_NAME = "$(TARGET_NAME)";
				SDKROOT = auto;
				SUPPORTED_PLATFORMS = "iphoneos iphonesimulator macosx xros xrsimulator";
				SWIFT_EMIT_LOC_STRINGS = NO;
				SWIFT_VERSION = 5.0;
				TARGETED_DEVICE_FAMILY = "1,2,7";
				TEST_TARGET_NAME = RydrPlayground;
				XROS_DEPLOYMENT_TARGET = 2.5;
			};
			name = Release;
		};
/* End XCBuildConfiguration section */

/* Begin XCConfigurationList section */
		D9A571DF2DF9C6A900C04006 /* Build configuration list for PBXProject "RydrPlayground" */ = {
			isa = XCConfigurationList;
			buildConfigurations = (
				D9A572042DF9C6AB00C04006 /* Debug */,
				D9A572052DF9C6AB00C04006 /* Release */,
			);
			defaultConfigurationIsVisible = 0;
			defaultConfigurationName = Release;
		};
		D9A572062DF9C6AB00C04006 /* Build configuration list for PBXNativeTarget "RydrPlayground" */ = {
			isa = XCConfigurationList;
			buildConfigurations = (
				D9A572072DF9C6AB00C04006 /* Debug */,
				D9A572082DF9C6AB00C04006 /* Release */,
			);
			defaultConfigurationIsVisible = 0;
			defaultConfigurationName = Release;
		};
		D9A572092DF9C6AB00C04006 /* Build configuration list for PBXNativeTarget "RydrPlaygroundTests" */ = {
			isa = XCConfigurationList;
			buildConfigurations = (
				D9A5720A2DF9C6AB00C04006 /* Debug */,
				D9A5720B2DF9C6AB00C04006 /* Release */,
			);
			defaultConfigurationIsVisible = 0;
			defaultConfigurationName = Release;
		};
		D9A5720C2DF9C6AB00C04006 /* Build configuration list for PBXNativeTarget "RydrPlaygroundUITests" */ = {
			isa = XCConfigurationList;
			buildConfigurations = (
				D9A5720D2DF9C6AB00C04006 /* Debug */,
				D9A5720E2DF9C6AB00C04006 /* Release */,
			);
			defaultConfigurationIsVisible = 0;
			defaultConfigurationName = Release;
		};
/* End XCConfigurationList section */

/* Begin XCRemoteSwiftPackageReference section */
		D917BFB42E04AEB900F44272 /* XCRemoteSwiftPackageReference "GoogleSignIn-iOS" */ = {
			isa = XCRemoteSwiftPackageReference;
			repositoryURL = "https://github.com/google/GoogleSignIn-iOS";
			requirement = {
				kind = upToNextMajorVersion;
				minimumVersion = 8.0.0;
			};
		};
		D9723BF42DFDB2BA0075DBC1 /* XCRemoteSwiftPackageReference "firebase-ios-sdk" */ = {
			isa = XCRemoteSwiftPackageReference;
			repositoryURL = "https://github.com/firebase/firebase-ios-sdk";
			requirement = {
				kind = upToNextMajorVersion;
				minimumVersion = 11.14.0;
			};
		};
		D9935A2A2E077A9800056DB7 /* XCRemoteSwiftPackageReference "stripe-ios" */ = {
			isa = XCRemoteSwiftPackageReference;
			repositoryURL = "https://github.com/stripe/stripe-ios";
			requirement = {
				kind = upToNextMajorVersion;
				minimumVersion = 24.16.0;
			};
		};
/* End XCRemoteSwiftPackageReference section */

/* Begin XCSwiftPackageProductDependency section */
		8B2D68EF2E4160F20043BDBE /* FirebaseAI */ = {
			isa = XCSwiftPackageProductDependency;
			package = D9723BF42DFDB2BA0075DBC1 /* XCRemoteSwiftPackageReference "firebase-ios-sdk" */;
			productName = FirebaseAI;
		};
		8B2D68F12E4160F20043BDBE /* FirebaseAnalyticsCore */ = {
			isa = XCSwiftPackageProductDependency;
			package = D9723BF42DFDB2BA0075DBC1 /* XCRemoteSwiftPackageReference "firebase-ios-sdk" */;
			productName = FirebaseAnalyticsCore;
		};
		8B2D68F32E4160F20043BDBE /* FirebaseAppDistribution-Beta */ = {
			isa = XCSwiftPackageProductDependency;
			package = D9723BF42DFDB2BA0075DBC1 /* XCRemoteSwiftPackageReference "firebase-ios-sdk" */;
			productName = "FirebaseAppDistribution-Beta";
		};
		8B2D68F52E4160F20043BDBE /* FirebaseAuthCombine-Community */ = {
			isa = XCSwiftPackageProductDependency;
			package = D9723BF42DFDB2BA0075DBC1 /* XCRemoteSwiftPackageReference "firebase-ios-sdk" */;
			productName = "FirebaseAuthCombine-Community";
		};
		8B2D68F72E4160F20043BDBE /* FirebaseDatabase */ = {
			isa = XCSwiftPackageProductDependency;
			package = D9723BF42DFDB2BA0075DBC1 /* XCRemoteSwiftPackageReference "firebase-ios-sdk" */;
			productName = FirebaseDatabase;
		};
		8B2D68F92E4160F20043BDBE /* FirebaseFunctions */ = {
			isa = XCSwiftPackageProductDependency;
			package = D9723BF42DFDB2BA0075DBC1 /* XCRemoteSwiftPackageReference "firebase-ios-sdk" */;
			productName = FirebaseFunctions;
		};
		8B2D68FB2E4160F20043BDBE /* FirebaseInAppMessaging-Beta */ = {
			isa = XCSwiftPackageProductDependency;
			package = D9723BF42DFDB2BA0075DBC1 /* XCRemoteSwiftPackageReference "firebase-ios-sdk" */;
			productName = "FirebaseInAppMessaging-Beta";
		};
		8B2D68FD2E4160F20043BDBE /* FirebaseStorage */ = {
			isa = XCSwiftPackageProductDependency;
			package = D9723BF42DFDB2BA0075DBC1 /* XCRemoteSwiftPackageReference "firebase-ios-sdk" */;
			productName = FirebaseStorage;
		};
		D917BFB52E04AEB900F44272 /* GoogleSignIn */ = {
			isa = XCSwiftPackageProductDependency;
			package = D917BFB42E04AEB900F44272 /* XCRemoteSwiftPackageReference "GoogleSignIn-iOS" */;
			productName = GoogleSignIn;
		};
		D917BFB72E04AEB900F44272 /* GoogleSignInSwift */ = {
			isa = XCSwiftPackageProductDependency;
			package = D917BFB42E04AEB900F44272 /* XCRemoteSwiftPackageReference "GoogleSignIn-iOS" */;
			productName = GoogleSignInSwift;
		};
		D9723BF52DFDB2BA0075DBC1 /* FirebaseAnalytics */ = {
			isa = XCSwiftPackageProductDependency;
			package = D9723BF42DFDB2BA0075DBC1 /* XCRemoteSwiftPackageReference "firebase-ios-sdk" */;
			productName = FirebaseAnalytics;
		};
		D9723BF72DFDB2BA0075DBC1 /* FirebaseAppCheck */ = {
			isa = XCSwiftPackageProductDependency;
			package = D9723BF42DFDB2BA0075DBC1 /* XCRemoteSwiftPackageReference "firebase-ios-sdk" */;
			productName = FirebaseAppCheck;
		};
		D9723BF92DFDB2BA0075DBC1 /* FirebaseAuth */ = {
			isa = XCSwiftPackageProductDependency;
			package = D9723BF42DFDB2BA0075DBC1 /* XCRemoteSwiftPackageReference "firebase-ios-sdk" */;
			productName = FirebaseAuth;
		};
		D9723BFB2DFDB2BA0075DBC1 /* FirebaseCore */ = {
			isa = XCSwiftPackageProductDependency;
			package = D9723BF42DFDB2BA0075DBC1 /* XCRemoteSwiftPackageReference "firebase-ios-sdk" */;
			productName = FirebaseCore;
		};
		D97904F72DFF4B6700A42B1F /* FirebaseFirestore */ = {
			isa = XCSwiftPackageProductDependency;
			package = D9723BF42DFDB2BA0075DBC1 /* XCRemoteSwiftPackageReference "firebase-ios-sdk" */;
			productName = FirebaseFirestore;
		};
		D9935A2B2E077A9800056DB7 /* Stripe */ = {
			isa = XCSwiftPackageProductDependency;
			package = D9935A2A2E077A9800056DB7 /* XCRemoteSwiftPackageReference "stripe-ios" */;
			productName = Stripe;
		};
		D9935A2D2E077A9800056DB7 /* StripeApplePay */ = {
			isa = XCSwiftPackageProductDependency;
			package = D9935A2A2E077A9800056DB7 /* XCRemoteSwiftPackageReference "stripe-ios" */;
			productName = StripeApplePay;
		};
		D9935A2F2E077A9800056DB7 /* StripeConnect */ = {
			isa = XCSwiftPackageProductDependency;
			package = D9935A2A2E077A9800056DB7 /* XCRemoteSwiftPackageReference "stripe-ios" */;
			productName = StripeConnect;
		};
		D9935A312E077A9800056DB7 /* StripePaymentSheet */ = {
			isa = XCSwiftPackageProductDependency;
			package = D9935A2A2E077A9800056DB7 /* XCRemoteSwiftPackageReference "stripe-ios" */;
			productName = StripePaymentSheet;
		};
		D9935A332E077A9800056DB7 /* StripePayments */ = {
			isa = XCSwiftPackageProductDependency;
			package = D9935A2A2E077A9800056DB7 /* XCRemoteSwiftPackageReference "stripe-ios" */;
			productName = StripePayments;
		};
		D9935A352E077A9800056DB7 /* StripePaymentsUI */ = {
			isa = XCSwiftPackageProductDependency;
			package = D9935A2A2E077A9800056DB7 /* XCRemoteSwiftPackageReference "stripe-ios" */;
			productName = StripePaymentsUI;
		};
/* End XCSwiftPackageProductDependency section */
	};
	rootObject = D9A571DC2DF9C6A900C04006 /* Project object */;
}
